// !$*UTF8*$!
{
	archiveVersion = 1;
	classes = {
	};
	objectVersion = 46;
	objects = {

/* Begin PBXBuildFile section */
		4BE30A9C19C996C10063EE29 /* Foundation.framework in Frameworks */ = {isa = PBXBuildFile; fileRef = 4BE30A9B19C996C10063EE29 /* Foundation.framework */; };
		4BE30A9E19C996C10063EE29 /* CoreGraphics.framework in Frameworks */ = {isa = PBXBuildFile; fileRef = 4BE30A9D19C996C10063EE29 /* CoreGraphics.framework */; };
		4BE30AA019C996C10063EE29 /* UIKit.framework in Frameworks */ = {isa = PBXBuildFile; fileRef = 4BE30A9F19C996C10063EE29 /* UIKit.framework */; };
		4BE30AA619C996C10063EE29 /* InfoPlist.strings in Resources */ = {isa = PBXBuildFile; fileRef = 4BE30AA419C996C10063EE29 /* InfoPlist.strings */; };
		4BE30AA819C996C10063EE29 /* main.m in Sources */ = {isa = PBXBuildFile; fileRef = 4BE30AA719C996C10063EE29 /* main.m */; };
		4BE30AAC19C996C10063EE29 /* AppDelegate.m in Sources */ = {isa = PBXBuildFile; fileRef = 4BE30AAB19C996C10063EE29 /* AppDelegate.m */; };
		4BE30AAF19C996C10063EE29 /* Main.storyboard in Resources */ = {isa = PBXBuildFile; fileRef = 4BE30AAD19C996C10063EE29 /* Main.storyboard */; };
		4BE30AB219C996C10063EE29 /* ViewController.m in Sources */ = {isa = PBXBuildFile; fileRef = 4BE30AB119C996C10063EE29 /* ViewController.m */; };
		4BE30AB419C996C10063EE29 /* Images.xcassets in Resources */ = {isa = PBXBuildFile; fileRef = 4BE30AB319C996C10063EE29 /* Images.xcassets */; };
		4BE30ABB19C996C10063EE29 /* XCTest.framework in Frameworks */ = {isa = PBXBuildFile; fileRef = 4BE30ABA19C996C10063EE29 /* XCTest.framework */; };
		4BE30ABC19C996C10063EE29 /* Foundation.framework in Frameworks */ = {isa = PBXBuildFile; fileRef = 4BE30A9B19C996C10063EE29 /* Foundation.framework */; };
		4BE30ABD19C996C10063EE29 /* UIKit.framework in Frameworks */ = {isa = PBXBuildFile; fileRef = 4BE30A9F19C996C10063EE29 /* UIKit.framework */; };
		4BE30AC519C996C20063EE29 /* InfoPlist.strings in Resources */ = {isa = PBXBuildFile; fileRef = 4BE30AC319C996C20063EE29 /* InfoPlist.strings */; };
		4BE30AC719C996C20063EE29 /* Episodio5Tests.m in Sources */ = {isa = PBXBuildFile; fileRef = 4BE30AC619C996C20063EE29 /* Episodio5Tests.m */; };
/* End PBXBuildFile section */

/* Begin PBXContainerItemProxy section */
		4BE30ABE19C996C20063EE29 /* PBXContainerItemProxy */ = {
			isa = PBXContainerItemProxy;
			containerPortal = 4BE30A9019C996C10063EE29 /* Project object */;
			proxyType = 1;
			remoteGlobalIDString = 4BE30A9719C996C10063EE29;
			remoteInfo = Episodio5;
		};
/* End PBXContainerItemProxy section */

/* Begin PBXFileReference section */
		4BE30A9819C996C10063EE29 /* Episodio5.app */ = {isa = PBXFileReference; explicitFileType = wrapper.application; includeInIndex = 0; path = Episodio5.app; sourceTree = BUILT_PRODUCTS_DIR; };
		4BE30A9B19C996C10063EE29 /* Foundation.framework */ = {isa = PBXFileReference; lastKnownFileType = wrapper.framework; name = Foundation.framework; path = System/Library/Frameworks/Foundation.framework; sourceTree = SDKROOT; };
		4BE30A9D19C996C10063EE29 /* CoreGraphics.framework */ = {isa = PBXFileReference; lastKnownFileType = wrapper.framework; name = CoreGraphics.framework; path = System/Library/Frameworks/CoreGraphics.framework; sourceTree = SDKROOT; };
		4BE30A9F19C996C10063EE29 /* UIKit.framework */ = {isa = PBXFileReference; lastKnownFileType = wrapper.framework; name = UIKit.framework; path = System/Library/Frameworks/UIKit.framework; sourceTree = SDKROOT; };
		4BE30AA319C996C10063EE29 /* Episodio5-Info.plist */ = {isa = PBXFileReference; lastKnownFileType = text.plist.xml; path = "Episodio5-Info.plist"; sourceTree = "<group>"; };
		4BE30AA519C996C10063EE29 /* en */ = {isa = PBXFileReference; lastKnownFileType = text.plist.strings; name = en; path = en.lproj/InfoPlist.strings; sourceTree = "<group>"; };
		4BE30AA719C996C10063EE29 /* main.m */ = {isa = PBXFileReference; lastKnownFileType = sourcecode.c.objc; path = main.m; sourceTree = "<group>"; };
		4BE30AA919C996C10063EE29 /* Episodio5-Prefix.pch */ = {isa = PBXFileReference; lastKnownFileType = sourcecode.c.h; path = "Episodio5-Prefix.pch"; sourceTree = "<group>"; };
		4BE30AAA19C996C10063EE29 /* AppDelegate.h */ = {isa = PBXFileReference; lastKnownFileType = sourcecode.c.h; path = AppDelegate.h; sourceTree = "<group>"; };
		4BE30AAB19C996C10063EE29 /* AppDelegate.m */ = {isa = PBXFileReference; lastKnownFileType = sourcecode.c.objc; path = AppDelegate.m; sourceTree = "<group>"; };
		4BE30AAE19C996C10063EE29 /* Base */ = {isa = PBXFileReference; lastKnownFileType = file.storyboard; name = Base; path = Base.lproj/Main.storyboard; sourceTree = "<group>"; };
		4BE30AB019C996C10063EE29 /* ViewController.h */ = {isa = PBXFileReference; lastKnownFileType = sourcecode.c.h; path = ViewController.h; sourceTree = "<group>"; };
		4BE30AB119C996C10063EE29 /* ViewController.m */ = {isa = PBXFileReference; lastKnownFileType = sourcecode.c.objc; path = ViewController.m; sourceTree = "<group>"; };
		4BE30AB319C996C10063EE29 /* Images.xcassets */ = {isa = PBXFileReference; lastKnownFileType = folder.assetcatalog; path = Images.xcassets; sourceTree = "<group>"; };
		4BE30AB919C996C10063EE29 /* Episodio5Tests.xctest */ = {isa = PBXFileReference; explicitFileType = wrapper.cfbundle; includeInIndex = 0; path = Episodio5Tests.xctest; sourceTree = BUILT_PRODUCTS_DIR; };
		4BE30ABA19C996C10063EE29 /* XCTest.framework */ = {isa = PBXFileReference; lastKnownFileType = wrapper.framework; name = XCTest.framework; path = Library/Frameworks/XCTest.framework; sourceTree = DEVELOPER_DIR; };
		4BE30AC219C996C20063EE29 /* Episodio5Tests-Info.plist */ = {isa = PBXFileReference; lastKnownFileType = text.plist.xml; path = "Episodio5Tests-Info.plist"; sourceTree = "<group>"; };
		4BE30AC419C996C20063EE29 /* en */ = {isa = PBXFileReference; lastKnownFileType = text.plist.strings; name = en; path = en.lproj/InfoPlist.strings; sourceTree = "<group>"; };
		4BE30AC619C996C20063EE29 /* Episodio5Tests.m */ = {isa = PBXFileReference; lastKnownFileType = sourcecode.c.objc; path = Episodio5Tests.m; sourceTree = "<group>"; };
/* End PBXFileReference section */

/* Begin PBXFrameworksBuildPhase section */
		4BE30A9519C996C10063EE29 /* Frameworks */ = {
			isa = PBXFrameworksBuildPhase;
			buildActionMask = 2147483647;
			files = (
				4BE30A9E19C996C10063EE29 /* CoreGraphics.framework in Frameworks */,
				4BE30AA019C996C10063EE29 /* UIKit.framework in Frameworks */,
				4BE30A9C19C996C10063EE29 /* Foundation.framework in Frameworks */,
			);
			runOnlyForDeploymentPostprocessing = 0;
		};
		4BE30AB619C996C10063EE29 /* Frameworks */ = {
			isa = PBXFrameworksBuildPhase;
			buildActionMask = 2147483647;
			files = (
				4BE30ABB19C996C10063EE29 /* XCTest.framework in Frameworks */,
				4BE30ABD19C996C10063EE29 /* UIKit.framework in Frameworks */,
				4BE30ABC19C996C10063EE29 /* Foundation.framework in Frameworks */,
			);
			runOnlyForDeploymentPostprocessing = 0;
		};
/* End PBXFrameworksBuildPhase section */

/* Begin PBXGroup section */
		4BE30A8F19C996C10063EE29 = {
			isa = PBXGroup;
			children = (
				4BE30AA119C996C10063EE29 /* Episodio5 */,
				4BE30AC019C996C20063EE29 /* Episodio5Tests */,
				4BE30A9A19C996C10063EE29 /* Frameworks */,
				4BE30A9919C996C10063EE29 /* Products */,
			);
			sourceTree = "<group>";
		};
		4BE30A9919C996C10063EE29 /* Products */ = {
			isa = PBXGroup;
			children = (
				4BE30A9819C996C10063EE29 /* Episodio5.app */,
				4BE30AB919C996C10063EE29 /* Episodio5Tests.xctest */,
			);
			name = Products;
			sourceTree = "<group>";
		};
		4BE30A9A19C996C10063EE29 /* Frameworks */ = {
			isa = PBXGroup;
			children = (
				4BE30A9B19C996C10063EE29 /* Foundation.framework */,
				4BE30A9D19C996C10063EE29 /* CoreGraphics.framework */,
				4BE30A9F19C996C10063EE29 /* UIKit.framework */,
				4BE30ABA19C996C10063EE29 /* XCTest.framework */,
			);
			name = Frameworks;
			sourceTree = "<group>";
		};
		4BE30AA119C996C10063EE29 /* Episodio5 */ = {
			isa = PBXGroup;
			children = (
				4BE30AAA19C996C10063EE29 /* AppDelegate.h */,
				4BE30AAB19C996C10063EE29 /* AppDelegate.m */,
				4BE30AAD19C996C10063EE29 /* Main.storyboard */,
				4BE30AB019C996C10063EE29 /* ViewController.h */,
				4BE30AB119C996C10063EE29 /* ViewController.m */,
				4BE30AB319C996C10063EE29 /* Images.xcassets */,
				4BE30AA219C996C10063EE29 /* Supporting Files */,
			);
			path = Episodio5;
			sourceTree = "<group>";
		};
		4BE30AA219C996C10063EE29 /* Supporting Files */ = {
			isa = PBXGroup;
			children = (
				4BE30AA319C996C10063EE29 /* Episodio5-Info.plist */,
				4BE30AA419C996C10063EE29 /* InfoPlist.strings */,
				4BE30AA719C996C10063EE29 /* main.m */,
				4BE30AA919C996C10063EE29 /* Episodio5-Prefix.pch */,
			);
			name = "Supporting Files";
			sourceTree = "<group>";
		};
		4BE30AC019C996C20063EE29 /* Episodio5Tests */ = {
			isa = PBXGroup;
			children = (
				4BE30AC619C996C20063EE29 /* Episodio5Tests.m */,
				4BE30AC119C996C20063EE29 /* Supporting Files */,
			);
			path = Episodio5Tests;
			sourceTree = "<group>";
		};
		4BE30AC119C996C20063EE29 /* Supporting Files */ = {
			isa = PBXGroup;
			children = (
				4BE30AC219C996C20063EE29 /* Episodio5Tests-Info.plist */,
				4BE30AC319C996C20063EE29 /* InfoPlist.strings */,
			);
			name = "Supporting Files";
			sourceTree = "<group>";
		};
/* End PBXGroup section */

/* Begin PBXNativeTarget section */
		4BE30A9719C996C10063EE29 /* Episodio5 */ = {
			isa = PBXNativeTarget;
			buildConfigurationList = 4BE30ACA19C996C20063EE29 /* Build configuration list for PBXNativeTarget "Episodio5" */;
			buildPhases = (
				4BE30A9419C996C10063EE29 /* Sources */,
				4BE30A9519C996C10063EE29 /* Frameworks */,
				4BE30A9619C996C10063EE29 /* Resources */,
			);
			buildRules = (
			);
			dependencies = (
			);
			name = Episodio5;
			productName = Episodio5;
			productReference = 4BE30A9819C996C10063EE29 /* Episodio5.app */;
			productType = "com.apple.product-type.application";
		};
		4BE30AB819C996C10063EE29 /* Episodio5Tests */ = {
			isa = PBXNativeTarget;
			buildConfigurationList = 4BE30ACD19C996C20063EE29 /* Build configuration list for PBXNativeTarget "Episodio5Tests" */;
			buildPhases = (
				4BE30AB519C996C10063EE29 /* Sources */,
				4BE30AB619C996C10063EE29 /* Frameworks */,
				4BE30AB719C996C10063EE29 /* Resources */,
			);
			buildRules = (
			);
			dependencies = (
				4BE30ABF19C996C20063EE29 /* PBXTargetDependency */,
			);
			name = Episodio5Tests;
			productName = Episodio5Tests;
			productReference = 4BE30AB919C996C10063EE29 /* Episodio5Tests.xctest */;
			productType = "com.apple.product-type.bundle.unit-test";
		};
/* End PBXNativeTarget section */

/* Begin PBXProject section */
		4BE30A9019C996C10063EE29 /* Project object */ = {
			isa = PBXProject;
			attributes = {
				LastUpgradeCheck = 0510;
				ORGANIZATIONNAME = "Santiago Gonzalez Causse";
				TargetAttributes = {
					4BE30AB819C996C10063EE29 = {
						TestTargetID = 4BE30A9719C996C10063EE29;
					};
				};
			};
			buildConfigurationList = 4BE30A9319C996C10063EE29 /* Build configuration list for PBXProject "Episodio5" */;
			compatibilityVersion = "Xcode 3.2";
			developmentRegion = English;
			hasScannedForEncodings = 0;
			knownRegions = (
				en,
				Base,
			);
			mainGroup = 4BE30A8F19C996C10063EE29;
			productRefGroup = 4BE30A9919C996C10063EE29 /* Products */;
			projectDirPath = "";
			projectRoot = "";
			targets = (
				4BE30A9719C996C10063EE29 /* Episodio5 */,
				4BE30AB819C996C10063EE29 /* Episodio5Tests */,
			);
		};
/* End PBXProject section */

/* Begin PBXResourcesBuildPhase section */
		4BE30A9619C996C10063EE29 /* Resources */ = {
			isa = PBXResourcesBuildPhase;
			buildActionMask = 2147483647;
			files = (
				4BE30AB419C996C10063EE29 /* Images.xcassets in Resources */,
				4BE30AA619C996C10063EE29 /* InfoPlist.strings in Resources */,
				4BE30AAF19C996C10063EE29 /* Main.storyboard in Resources */,
			);
			runOnlyForDeploymentPostprocessing = 0;
		};
		4BE30AB719C996C10063EE29 /* Resources */ = {
			isa = PBXResourcesBuildPhase;
			buildActionMask = 2147483647;
			files = (
				4BE30AC519C996C20063EE29 /* InfoPlist.strings in Resources */,
			);
			runOnlyForDeploymentPostprocessing = 0;
		};
/* End PBXResourcesBuildPhase section */

/* Begin PBXSourcesBuildPhase section */
		4BE30A9419C996C10063EE29 /* Sources */ = {
			isa = PBXSourcesBuildPhase;
			buildActionMask = 2147483647;
			files = (
				4BE30AB219C996C10063EE29 /* ViewController.m in Sources */,
				4BE30AAC19C996C10063EE29 /* AppDelegate.m in Sources */,
				4BE30AA819C996C10063EE29 /* main.m in Sources */,
			);
			runOnlyForDeploymentPostprocessing = 0;
		};
		4BE30AB519C996C10063EE29 /* Sources */ = {
			isa = PBXSourcesBuildPhase;
			buildActionMask = 2147483647;
			files = (
				4BE30AC719C996C20063EE29 /* Episodio5Tests.m in Sources */,
			);
			runOnlyForDeploymentPostprocessing = 0;
		};
/* End PBXSourcesBuildPhase section */

/* Begin PBXTargetDependency section */
		4BE30ABF19C996C20063EE29 /* PBXTargetDependency */ = {
			isa = PBXTargetDependency;
			target = 4BE30A9719C996C10063EE29 /* Episodio5 */;
			targetProxy = 4BE30ABE19C996C20063EE29 /* PBXContainerItemProxy */;
		};
/* End PBXTargetDependency section */

/* Begin PBXVariantGroup section */
		4BE30AA419C996C10063EE29 /* InfoPlist.strings */ = {
			isa = PBXVariantGroup;
			children = (
				4BE30AA519C996C10063EE29 /* en */,
			);
			name = InfoPlist.strings;
			sourceTree = "<group>";
		};
		4BE30AAD19C996C10063EE29 /* Main.storyboard */ = {
			isa = PBXVariantGroup;
			children = (
				4BE30AAE19C996C10063EE29 /* Base */,
			);
			name = Main.storyboard;
			sourceTree = "<group>";
		};
		4BE30AC319C996C20063EE29 /* InfoPlist.strings */ = {
			isa = PBXVariantGroup;
			children = (
				4BE30AC419C996C20063EE29 /* en */,
			);
			name = InfoPlist.strings;
			sourceTree = "<group>";
		};
/* End PBXVariantGroup section */

/* Begin XCBuildConfiguration section */
		4BE30AC819C996C20063EE29 /* Debug */ = {
			isa = XCBuildConfiguration;
			buildSettings = {
				ALWAYS_SEARCH_USER_PATHS = NO;
				CLANG_CXX_LANGUAGE_STANDARD = "gnu++0x";
				CLANG_CXX_LIBRARY = "libc++";
				CLANG_ENABLE_MODULES = YES;
				CLANG_ENABLE_OBJC_ARC = YES;
				CLANG_WARN_BOOL_CONVERSION = YES;
				CLANG_WARN_CONSTANT_CONVERSION = YES;
				CLANG_WARN_DIRECT_OBJC_ISA_USAGE = YES_ERROR;
				CLANG_WARN_EMPTY_BODY = YES;
				CLANG_WARN_ENUM_CONVERSION = YES;
				CLANG_WARN_INT_CONVERSION = YES;
				CLANG_WARN_OBJC_ROOT_CLASS = YES_ERROR;
				CLANG_WARN__DUPLICATE_METHOD_MATCH = YES;
				"CODE_SIGN_IDENTITY[sdk=iphoneos*]" = "iPhone Developer";
				COPY_PHASE_STRIP = NO;
				GCC_C_LANGUAGE_STANDARD = gnu99;
				GCC_DYNAMIC_NO_PIC = NO;
				GCC_OPTIMIZATION_LEVEL = 0;
				GCC_PREPROCESSOR_DEFINITIONS = (
					"DEBUG=1",
					"$(inherited)",
				);
				GCC_SYMBOLS_PRIVATE_EXTERN = NO;
				GCC_WARN_64_TO_32_BIT_CONVERSION = YES;
				GCC_WARN_ABOUT_RETURN_TYPE = YES_ERROR;
				GCC_WARN_UNDECLARED_SELECTOR = YES;
				GCC_WARN_UNINITIALIZED_AUTOS = YES_AGGRESSIVE;
				GCC_WARN_UNUSED_FUNCTION = YES;
				GCC_WARN_UNUSED_VARIABLE = YES;
				IPHONEOS_DEPLOYMENT_TARGET = 7.1;
				ONLY_ACTIVE_ARCH = YES;
				SDKROOT = iphoneos;
			};
			name = Debug;
		};
		4BE30AC919C996C20063EE29 /* Release */ = {
			isa = XCBuildConfiguration;
			buildSettings = {
				ALWAYS_SEARCH_USER_PATHS = NO;
				CLANG_CXX_LANGUAGE_STANDARD = "gnu++0x";
				CLANG_CXX_LIBRARY = "libc++";
				CLANG_ENABLE_MODULES = YES;
				CLANG_ENABLE_OBJC_ARC = YES;
				CLANG_WARN_BOOL_CONVERSION = YES;
				CLANG_WARN_CONSTANT_CONVERSION = YES;
				CLANG_WARN_DIRECT_OBJC_ISA_USAGE = YES_ERROR;
				CLANG_WARN_EMPTY_BODY = YES;
				CLANG_WARN_ENUM_CONVERSION = YES;
				CLANG_WARN_INT_CONVERSION = YES;
				CLANG_WARN_OBJC_ROOT_CLASS = YES_ERROR;
				CLANG_WARN__DUPLICATE_METHOD_MATCH = YES;
				"CODE_SIGN_IDENTITY[sdk=iphoneos*]" = "iPhone Developer";
				COPY_PHASE_STRIP = YES;
				ENABLE_NS_ASSERTIONS = NO;
				GCC_C_LANGUAGE_STANDARD = gnu99;
				GCC_WARN_64_TO_32_BIT_CONVERSION = YES;
				GCC_WARN_ABOUT_RETURN_TYPE = YES_ERROR;
				GCC_WARN_UNDECLARED_SELECTOR = YES;
				GCC_WARN_UNINITIALIZED_AUTOS = YES_AGGRESSIVE;
				GCC_WARN_UNUSED_FUNCTION = YES;
				GCC_WARN_UNUSED_VARIABLE = YES;
				IPHONEOS_DEPLOYMENT_TARGET = 7.1;
				SDKROOT = iphoneos;
				VALIDATE_PRODUCT = YES;
			};
			name = Release;
		};
		4BE30ACB19C996C20063EE29 /* Debug */ = {
			isa = XCBuildConfiguration;
			buildSettings = {
				ASSETCATALOG_COMPILER_APPICON_NAME = AppIcon;
				ASSETCATALOG_COMPILER_LAUNCHIMAGE_NAME = LaunchImage;
				GCC_PRECOMPILE_PREFIX_HEADER = YES;
				GCC_PREFIX_HEADER = "Episodio5/Episodio5-Prefix.pch";
				INFOPLIST_FILE = "Episodio5/Episodio5-Info.plist";
				PRODUCT_NAME = "$(TARGET_NAME)";
				WRAPPER_EXTENSION = app;
			};
			name = Debug;
		};
		4BE30ACC19C996C20063EE29 /* Release */ = {
			isa = XCBuildConfiguration;
			buildSettings = {
				ASSETCATALOG_COMPILER_APPICON_NAME = AppIcon;
				ASSETCATALOG_COMPILER_LAUNCHIMAGE_NAME = LaunchImage;
				GCC_PRECOMPILE_PREFIX_HEADER = YES;
				GCC_PREFIX_HEADER = "Episodio5/Episodio5-Prefix.pch";
				INFOPLIST_FILE = "Episodio5/Episodio5-Info.plist";
				PRODUCT_NAME = "$(TARGET_NAME)";
				WRAPPER_EXTENSION = app;
			};
			name = Release;
		};
		4BE30ACE19C996C20063EE29 /* Debug */ = {
			isa = XCBuildConfiguration;
			buildSettings = {
				BUNDLE_LOADER = "$(BUILT_PRODUCTS_DIR)/Episodio5.app/Episodio5";
				FRAMEWORK_SEARCH_PATHS = (
					"$(SDKROOT)/Developer/Library/Frameworks",
					"$(inherited)",
					"$(DEVELOPER_FRAMEWORKS_DIR)",
				);
				GCC_PRECOMPILE_PREFIX_HEADER = YES;
				GCC_PREFIX_HEADER = "Episodio5/Episodio5-Prefix.pch";
				GCC_PREPROCESSOR_DEFINITIONS = (
					"DEBUG=1",
					"$(inherited)",
				);
				INFOPLIST_FILE = "Episodio5Tests/Episodio5Tests-Info.plist";
				PRODUCT_NAME = "$(TARGET_NAME)";
				TEST_HOST = "$(BUNDLE_LOADER)";
				WRAPPER_EXTENSION = xctest;
			};
			name = Debug;
		};
		4BE30ACF19C996C20063EE29 /* Release */ = {
			isa = XCBuildConfiguration;
			buildSettings = {
				BUNDLE_LOADER = "$(BUILT_PRODUCTS_DIR)/Episodio5.app/Episodio5";
				FRAMEWORK_SEARCH_PATHS = (
					"$(SDKROOT)/Developer/Library/Frameworks",
					"$(inherited)",
					"$(DEVELOPER_FRAMEWORKS_DIR)",
				);
				GCC_PRECOMPILE_PREFIX_HEADER = YES;
				GCC_PREFIX_HEADER = "Episodio5/Episodio5-Prefix.pch";
				INFOPLIST_FILE = "Episodio5Tests/Episodio5Tests-Info.plist";
				PRODUCT_NAME = "$(TARGET_NAME)";
				TEST_HOST = "$(BUNDLE_LOADER)";
				WRAPPER_EXTENSION = xctest;
			};
			name = Release;
		};
/* End XCBuildConfiguration section */

/* Begin XCConfigurationList section */
		4BE30A9319C996C10063EE29 /* Build configuration list for PBXProject "Episodio5" */ = {
			isa = XCConfigurationList;
			buildConfigurations = (
				4BE30AC819C996C20063EE29 /* Debug */,
				4BE30AC919C996C20063EE29 /* Release */,
			);
			defaultConfigurationIsVisible = 0;
			defaultConfigurationName = Release;
		};
		4BE30ACA19C996C20063EE29 /* Build configuration list for PBXNativeTarget "Episodio5" */ = {
			isa = XCConfigurationList;
			buildConfigurations = (
				4BE30ACB19C996C20063EE29 /* Debug */,
				4BE30ACC19C996C20063EE29 /* Release */,
			);
			defaultConfigurationIsVisible = 0;
		};
		4BE30ACD19C996C20063EE29 /* Build configuration list for PBXNativeTarget "Episodio5Tests" */ = {
			isa = XCConfigurationList;
			buildConfigurations = (
				4BE30ACE19C996C20063EE29 /* Debug */,
				4BE30ACF19C996C20063EE29 /* Release */,
			);
			defaultConfigurationIsVisible = 0;
		};
/* End XCConfigurationList section */
	};
	rootObject = 4BE30A9019C996C10063EE29 /* Project object */;
}
