// !$*UTF8*$!
{
	archiveVersion = 1;
	classes = {
	};
	objectVersion = 46;
	objects = {

/* Begin PBXBuildFile section */
		4B47748519CB23740073C9B0 /* Foundation.framework in Frameworks */ = {isa = PBXBuildFile; fileRef = 4B47748419CB23740073C9B0 /* Foundation.framework */; };
		4B47748719CB23740073C9B0 /* CoreGraphics.framework in Frameworks */ = {isa = PBXBuildFile; fileRef = 4B47748619CB23740073C9B0 /* CoreGraphics.framework */; };
		4B47748919CB23740073C9B0 /* UIKit.framework in Frameworks */ = {isa = PBXBuildFile; fileRef = 4B47748819CB23740073C9B0 /* UIKit.framework */; };
		4B47748F19CB23740073C9B0 /* InfoPlist.strings in Resources */ = {isa = PBXBuildFile; fileRef = 4B47748D19CB23740073C9B0 /* InfoPlist.strings */; };
		4B47749119CB23740073C9B0 /* main.m in Sources */ = {isa = PBXBuildFile; fileRef = 4B47749019CB23740073C9B0 /* main.m */; };
		4B47749519CB23740073C9B0 /* AppDelegate.m in Sources */ = {isa = PBXBuildFile; fileRef = 4B47749419CB23740073C9B0 /* AppDelegate.m */; };
		4B47749819CB23740073C9B0 /* Main.storyboard in Resources */ = {isa = PBXBuildFile; fileRef = 4B47749619CB23740073C9B0 /* Main.storyboard */; };
		4B47749B19CB23740073C9B0 /* ViewController.m in Sources */ = {isa = PBXBuildFile; fileRef = 4B47749A19CB23740073C9B0 /* ViewController.m */; };
		4B47749D19CB23740073C9B0 /* Images.xcassets in Resources */ = {isa = PBXBuildFile; fileRef = 4B47749C19CB23740073C9B0 /* Images.xcassets */; };
		4B4774A419CB23740073C9B0 /* XCTest.framework in Frameworks */ = {isa = PBXBuildFile; fileRef = 4B4774A319CB23740073C9B0 /* XCTest.framework */; };
		4B4774A519CB23740073C9B0 /* Foundation.framework in Frameworks */ = {isa = PBXBuildFile; fileRef = 4B47748419CB23740073C9B0 /* Foundation.framework */; };
		4B4774A619CB23740073C9B0 /* UIKit.framework in Frameworks */ = {isa = PBXBuildFile; fileRef = 4B47748819CB23740073C9B0 /* UIKit.framework */; };
		4B4774AE19CB23740073C9B0 /* InfoPlist.strings in Resources */ = {isa = PBXBuildFile; fileRef = 4B4774AC19CB23740073C9B0 /* InfoPlist.strings */; };
		4B4774B019CB23750073C9B0 /* Episodio7Tests.m in Sources */ = {isa = PBXBuildFile; fileRef = 4B4774AF19CB23750073C9B0 /* Episodio7Tests.m */; };
/* End PBXBuildFile section */

/* Begin PBXContainerItemProxy section */
		4B4774A719CB23740073C9B0 /* PBXContainerItemProxy */ = {
			isa = PBXContainerItemProxy;
			containerPortal = 4B47747919CB23740073C9B0 /* Project object */;
			proxyType = 1;
			remoteGlobalIDString = 4B47748019CB23740073C9B0;
			remoteInfo = Episodio7;
		};
/* End PBXContainerItemProxy section */

/* Begin PBXFileReference section */
		4B47748119CB23740073C9B0 /* Episodio7.app */ = {isa = PBXFileReference; explicitFileType = wrapper.application; includeInIndex = 0; path = Episodio7.app; sourceTree = BUILT_PRODUCTS_DIR; };
		4B47748419CB23740073C9B0 /* Foundation.framework */ = {isa = PBXFileReference; lastKnownFileType = wrapper.framework; name = Foundation.framework; path = System/Library/Frameworks/Foundation.framework; sourceTree = SDKROOT; };
		4B47748619CB23740073C9B0 /* CoreGraphics.framework */ = {isa = PBXFileReference; lastKnownFileType = wrapper.framework; name = CoreGraphics.framework; path = System/Library/Frameworks/CoreGraphics.framework; sourceTree = SDKROOT; };
		4B47748819CB23740073C9B0 /* UIKit.framework */ = {isa = PBXFileReference; lastKnownFileType = wrapper.framework; name = UIKit.framework; path = System/Library/Frameworks/UIKit.framework; sourceTree = SDKROOT; };
		4B47748C19CB23740073C9B0 /* Episodio7-Info.plist */ = {isa = PBXFileReference; lastKnownFileType = text.plist.xml; path = "Episodio7-Info.plist"; sourceTree = "<group>"; };
		4B47748E19CB23740073C9B0 /* en */ = {isa = PBXFileReference; lastKnownFileType = text.plist.strings; name = en; path = en.lproj/InfoPlist.strings; sourceTree = "<group>"; };
		4B47749019CB23740073C9B0 /* main.m */ = {isa = PBXFileReference; lastKnownFileType = sourcecode.c.objc; path = main.m; sourceTree = "<group>"; };
		4B47749219CB23740073C9B0 /* Episodio7-Prefix.pch */ = {isa = PBXFileReference; lastKnownFileType = sourcecode.c.h; path = "Episodio7-Prefix.pch"; sourceTree = "<group>"; };
		4B47749319CB23740073C9B0 /* AppDelegate.h */ = {isa = PBXFileReference; lastKnownFileType = sourcecode.c.h; path = AppDelegate.h; sourceTree = "<group>"; };
		4B47749419CB23740073C9B0 /* AppDelegate.m */ = {isa = PBXFileReference; lastKnownFileType = sourcecode.c.objc; path = AppDelegate.m; sourceTree = "<group>"; };
		4B47749719CB23740073C9B0 /* Base */ = {isa = PBXFileReference; lastKnownFileType = file.storyboard; name = Base; path = Base.lproj/Main.storyboard; sourceTree = "<group>"; };
		4B47749919CB23740073C9B0 /* ViewController.h */ = {isa = PBXFileReference; lastKnownFileType = sourcecode.c.h; path = ViewController.h; sourceTree = "<group>"; };
		4B47749A19CB23740073C9B0 /* ViewController.m */ = {isa = PBXFileReference; lastKnownFileType = sourcecode.c.objc; path = ViewController.m; sourceTree = "<group>"; };
		4B47749C19CB23740073C9B0 /* Images.xcassets */ = {isa = PBXFileReference; lastKnownFileType = folder.assetcatalog; path = Images.xcassets; sourceTree = "<group>"; };
		4B4774A219CB23740073C9B0 /* Episodio7Tests.xctest */ = {isa = PBXFileReference; explicitFileType = wrapper.cfbundle; includeInIndex = 0; path = Episodio7Tests.xctest; sourceTree = BUILT_PRODUCTS_DIR; };
		4B4774A319CB23740073C9B0 /* XCTest.framework */ = {isa = PBXFileReference; lastKnownFileType = wrapper.framework; name = XCTest.framework; path = Library/Frameworks/XCTest.framework; sourceTree = DEVELOPER_DIR; };
		4B4774AB19CB23740073C9B0 /* Episodio7Tests-Info.plist */ = {isa = PBXFileReference; lastKnownFileType = text.plist.xml; path = "Episodio7Tests-Info.plist"; sourceTree = "<group>"; };
		4B4774AD19CB23740073C9B0 /* en */ = {isa = PBXFileReference; lastKnownFileType = text.plist.strings; name = en; path = en.lproj/InfoPlist.strings; sourceTree = "<group>"; };
		4B4774AF19CB23750073C9B0 /* Episodio7Tests.m */ = {isa = PBXFileReference; lastKnownFileType = sourcecode.c.objc; path = Episodio7Tests.m; sourceTree = "<group>"; };
/* End PBXFileReference section */

/* Begin PBXFrameworksBuildPhase section */
		4B47747E19CB23740073C9B0 /* Frameworks */ = {
			isa = PBXFrameworksBuildPhase;
			buildActionMask = 2147483647;
			files = (
				4B47748719CB23740073C9B0 /* CoreGraphics.framework in Frameworks */,
				4B47748919CB23740073C9B0 /* UIKit.framework in Frameworks */,
				4B47748519CB23740073C9B0 /* Foundation.framework in Frameworks */,
			);
			runOnlyForDeploymentPostprocessing = 0;
		};
		4B47749F19CB23740073C9B0 /* Frameworks */ = {
			isa = PBXFrameworksBuildPhase;
			buildActionMask = 2147483647;
			files = (
				4B4774A419CB23740073C9B0 /* XCTest.framework in Frameworks */,
				4B4774A619CB23740073C9B0 /* UIKit.framework in Frameworks */,
				4B4774A519CB23740073C9B0 /* Foundation.framework in Frameworks */,
			);
			runOnlyForDeploymentPostprocessing = 0;
		};
/* End PBXFrameworksBuildPhase section */

/* Begin PBXGroup section */
		4B47747819CB23740073C9B0 = {
			isa = PBXGroup;
			children = (
				4B47748A19CB23740073C9B0 /* Episodio7 */,
				4B4774A919CB23740073C9B0 /* Episodio7Tests */,
				4B47748319CB23740073C9B0 /* Frameworks */,
				4B47748219CB23740073C9B0 /* Products */,
			);
			sourceTree = "<group>";
		};
		4B47748219CB23740073C9B0 /* Products */ = {
			isa = PBXGroup;
			children = (
				4B47748119CB23740073C9B0 /* Episodio7.app */,
				4B4774A219CB23740073C9B0 /* Episodio7Tests.xctest */,
			);
			name = Products;
			sourceTree = "<group>";
		};
		4B47748319CB23740073C9B0 /* Frameworks */ = {
			isa = PBXGroup;
			children = (
				4B47748419CB23740073C9B0 /* Foundation.framework */,
				4B47748619CB23740073C9B0 /* CoreGraphics.framework */,
				4B47748819CB23740073C9B0 /* UIKit.framework */,
				4B4774A319CB23740073C9B0 /* XCTest.framework */,
			);
			name = Frameworks;
			sourceTree = "<group>";
		};
		4B47748A19CB23740073C9B0 /* Episodio7 */ = {
			isa = PBXGroup;
			children = (
				4B47749319CB23740073C9B0 /* AppDelegate.h */,
				4B47749419CB23740073C9B0 /* AppDelegate.m */,
				4B47749619CB23740073C9B0 /* Main.storyboard */,
				4B47749919CB23740073C9B0 /* ViewController.h */,
				4B47749A19CB23740073C9B0 /* ViewController.m */,
				4B47749C19CB23740073C9B0 /* Images.xcassets */,
				4B47748B19CB23740073C9B0 /* Supporting Files */,
			);
			path = Episodio7;
			sourceTree = "<group>";
		};
		4B47748B19CB23740073C9B0 /* Supporting Files */ = {
			isa = PBXGroup;
			children = (
				4B47748C19CB23740073C9B0 /* Episodio7-Info.plist */,
				4B47748D19CB23740073C9B0 /* InfoPlist.strings */,
				4B47749019CB23740073C9B0 /* main.m */,
				4B47749219CB23740073C9B0 /* Episodio7-Prefix.pch */,
			);
			name = "Supporting Files";
			sourceTree = "<group>";
		};
		4B4774A919CB23740073C9B0 /* Episodio7Tests */ = {
			isa = PBXGroup;
			children = (
				4B4774AF19CB23750073C9B0 /* Episodio7Tests.m */,
				4B4774AA19CB23740073C9B0 /* Supporting Files */,
			);
			path = Episodio7Tests;
			sourceTree = "<group>";
		};
		4B4774AA19CB23740073C9B0 /* Supporting Files */ = {
			isa = PBXGroup;
			children = (
				4B4774AB19CB23740073C9B0 /* Episodio7Tests-Info.plist */,
				4B4774AC19CB23740073C9B0 /* InfoPlist.strings */,
			);
			name = "Supporting Files";
			sourceTree = "<group>";
		};
/* End PBXGroup section */

/* Begin PBXNativeTarget section */
		4B47748019CB23740073C9B0 /* Episodio7 */ = {
			isa = PBXNativeTarget;
			buildConfigurationList = 4B4774B319CB23750073C9B0 /* Build configuration list for PBXNativeTarget "Episodio7" */;
			buildPhases = (
				4B47747D19CB23740073C9B0 /* Sources */,
				4B47747E19CB23740073C9B0 /* Frameworks */,
				4B47747F19CB23740073C9B0 /* Resources */,
			);
			buildRules = (
			);
			dependencies = (
			);
			name = Episodio7;
			productName = Episodio7;
			productReference = 4B47748119CB23740073C9B0 /* Episodio7.app */;
			productType = "com.apple.product-type.application";
		};
		4B4774A119CB23740073C9B0 /* Episodio7Tests */ = {
			isa = PBXNativeTarget;
			buildConfigurationList = 4B4774B619CB23750073C9B0 /* Build configuration list for PBXNativeTarget "Episodio7Tests" */;
			buildPhases = (
				4B47749E19CB23740073C9B0 /* Sources */,
				4B47749F19CB23740073C9B0 /* Frameworks */,
				4B4774A019CB23740073C9B0 /* Resources */,
			);
			buildRules = (
			);
			dependencies = (
				4B4774A819CB23740073C9B0 /* PBXTargetDependency */,
			);
			name = Episodio7Tests;
			productName = Episodio7Tests;
			productReference = 4B4774A219CB23740073C9B0 /* Episodio7Tests.xctest */;
			productType = "com.apple.product-type.bundle.unit-test";
		};
/* End PBXNativeTarget section */

/* Begin PBXProject section */
		4B47747919CB23740073C9B0 /* Project object */ = {
			isa = PBXProject;
			attributes = {
				LastUpgradeCheck = 0510;
				ORGANIZATIONNAME = "Santiago Gonzalez Causse";
				TargetAttributes = {
					4B4774A119CB23740073C9B0 = {
						TestTargetID = 4B47748019CB23740073C9B0;
					};
				};
			};
			buildConfigurationList = 4B47747C19CB23740073C9B0 /* Build configuration list for PBXProject "Episodio7" */;
			compatibilityVersion = "Xcode 3.2";
			developmentRegion = English;
			hasScannedForEncodings = 0;
			knownRegions = (
				en,
				Base,
			);
			mainGroup = 4B47747819CB23740073C9B0;
			productRefGroup = 4B47748219CB23740073C9B0 /* Products */;
			projectDirPath = "";
			projectRoot = "";
			targets = (
				4B47748019CB23740073C9B0 /* Episodio7 */,
				4B4774A119CB23740073C9B0 /* Episodio7Tests */,
			);
		};
/* End PBXProject section */

/* Begin PBXResourcesBuildPhase section */
		4B47747F19CB23740073C9B0 /* Resources */ = {
			isa = PBXResourcesBuildPhase;
			buildActionMask = 2147483647;
			files = (
				4B47749D19CB23740073C9B0 /* Images.xcassets in Resources */,
				4B47748F19CB23740073C9B0 /* InfoPlist.strings in Resources */,
				4B47749819CB23740073C9B0 /* Main.storyboard in Resources */,
			);
			runOnlyForDeploymentPostprocessing = 0;
		};
		4B4774A019CB23740073C9B0 /* Resources */ = {
			isa = PBXResourcesBuildPhase;
			buildActionMask = 2147483647;
			files = (
				4B4774AE19CB23740073C9B0 /* InfoPlist.strings in Resources */,
			);
			runOnlyForDeploymentPostprocessing = 0;
		};
/* End PBXResourcesBuildPhase section */

/* Begin PBXSourcesBuildPhase section */
		4B47747D19CB23740073C9B0 /* Sources */ = {
			isa = PBXSourcesBuildPhase;
			buildActionMask = 2147483647;
			files = (
				4B47749B19CB23740073C9B0 /* ViewController.m in Sources */,
				4B47749519CB23740073C9B0 /* AppDelegate.m in Sources */,
				4B47749119CB23740073C9B0 /* main.m in Sources */,
			);
			runOnlyForDeploymentPostprocessing = 0;
		};
		4B47749E19CB23740073C9B0 /* Sources */ = {
			isa = PBXSourcesBuildPhase;
			buildActionMask = 2147483647;
			files = (
				4B4774B019CB23750073C9B0 /* Episodio7Tests.m in Sources */,
			);
			runOnlyForDeploymentPostprocessing = 0;
		};
/* End PBXSourcesBuildPhase section */

/* Begin PBXTargetDependency section */
		4B4774A819CB23740073C9B0 /* PBXTargetDependency */ = {
			isa = PBXTargetDependency;
			target = 4B47748019CB23740073C9B0 /* Episodio7 */;
			targetProxy = 4B4774A719CB23740073C9B0 /* PBXContainerItemProxy */;
		};
/* End PBXTargetDependency section */

/* Begin PBXVariantGroup section */
		4B47748D19CB23740073C9B0 /* InfoPlist.strings */ = {
			isa = PBXVariantGroup;
			children = (
				4B47748E19CB23740073C9B0 /* en */,
			);
			name = InfoPlist.strings;
			sourceTree = "<group>";
		};
		4B47749619CB23740073C9B0 /* Main.storyboard */ = {
			isa = PBXVariantGroup;
			children = (
				4B47749719CB23740073C9B0 /* Base */,
			);
			name = Main.storyboard;
			sourceTree = "<group>";
		};
		4B4774AC19CB23740073C9B0 /* InfoPlist.strings */ = {
			isa = PBXVariantGroup;
			children = (
				4B4774AD19CB23740073C9B0 /* en */,
			);
			name = InfoPlist.strings;
			sourceTree = "<group>";
		};
/* End PBXVariantGroup section */

/* Begin XCBuildConfiguration section */
		4B4774B119CB23750073C9B0 /* Debug */ = {
			isa = XCBuildConfiguration;
			buildSettings = {
				ALWAYS_SEARCH_USER_PATHS = NO;
				CLANG_CXX_LANGUAGE_STANDARD = "gnu++0x";
				CLANG_CXX_LIBRARY = "libc++";
				CLANG_ENABLE_MODULES = YES;
				CLANG_ENABLE_OBJC_ARC = YES;
				CLANG_WARN_BOOL_CONVERSION = YES;
				CLANG_WARN_CONSTANT_CONVERSION = YES;
				CLANG_WARN_DIRECT_OBJC_ISA_USAGE = YES_ERROR;
				CLANG_WARN_EMPTY_BODY = YES;
				CLANG_WARN_ENUM_CONVERSION = YES;
				CLANG_WARN_INT_CONVERSION = YES;
				CLANG_WARN_OBJC_ROOT_CLASS = YES_ERROR;
				CLANG_WARN__DUPLICATE_METHOD_MATCH = YES;
				"CODE_SIGN_IDENTITY[sdk=iphoneos*]" = "iPhone Developer";
				COPY_PHASE_STRIP = NO;
				GCC_C_LANGUAGE_STANDARD = gnu99;
				GCC_DYNAMIC_NO_PIC = NO;
				GCC_OPTIMIZATION_LEVEL = 0;
				GCC_PREPROCESSOR_DEFINITIONS = (
					"DEBUG=1",
					"$(inherited)",
				);
				GCC_SYMBOLS_PRIVATE_EXTERN = NO;
				GCC_WARN_64_TO_32_BIT_CONVERSION = YES;
				GCC_WARN_ABOUT_RETURN_TYPE = YES_ERROR;
				GCC_WARN_UNDECLARED_SELECTOR = YES;
				GCC_WARN_UNINITIALIZED_AUTOS = YES_AGGRESSIVE;
				GCC_WARN_UNUSED_FUNCTION = YES;
				GCC_WARN_UNUSED_VARIABLE = YES;
				IPHONEOS_DEPLOYMENT_TARGET = 7.1;
				ONLY_ACTIVE_ARCH = YES;
				SDKROOT = iphoneos;
			};
			name = Debug;
		};
		4B4774B219CB23750073C9B0 /* Release */ = {
			isa = XCBuildConfiguration;
			buildSettings = {
				ALWAYS_SEARCH_USER_PATHS = NO;
				CLANG_CXX_LANGUAGE_STANDARD = "gnu++0x";
				CLANG_CXX_LIBRARY = "libc++";
				CLANG_ENABLE_MODULES = YES;
				CLANG_ENABLE_OBJC_ARC = YES;
				CLANG_WARN_BOOL_CONVERSION = YES;
				CLANG_WARN_CONSTANT_CONVERSION = YES;
				CLANG_WARN_DIRECT_OBJC_ISA_USAGE = YES_ERROR;
				CLANG_WARN_EMPTY_BODY = YES;
				CLANG_WARN_ENUM_CONVERSION = YES;
				CLANG_WARN_INT_CONVERSION = YES;
				CLANG_WARN_OBJC_ROOT_CLASS = YES_ERROR;
				CLANG_WARN__DUPLICATE_METHOD_MATCH = YES;
				"CODE_SIGN_IDENTITY[sdk=iphoneos*]" = "iPhone Developer";
				COPY_PHASE_STRIP = YES;
				ENABLE_NS_ASSERTIONS = NO;
				GCC_C_LANGUAGE_STANDARD = gnu99;
				GCC_WARN_64_TO_32_BIT_CONVERSION = YES;
				GCC_WARN_ABOUT_RETURN_TYPE = YES_ERROR;
				GCC_WARN_UNDECLARED_SELECTOR = YES;
				GCC_WARN_UNINITIALIZED_AUTOS = YES_AGGRESSIVE;
				GCC_WARN_UNUSED_FUNCTION = YES;
				GCC_WARN_UNUSED_VARIABLE = YES;
				IPHONEOS_DEPLOYMENT_TARGET = 7.1;
				SDKROOT = iphoneos;
				VALIDATE_PRODUCT = YES;
			};
			name = Release;
		};
		4B4774B419CB23750073C9B0 /* Debug */ = {
			isa = XCBuildConfiguration;
			buildSettings = {
				ASSETCATALOG_COMPILER_APPICON_NAME = AppIcon;
				ASSETCATALOG_COMPILER_LAUNCHIMAGE_NAME = LaunchImage;
				GCC_PRECOMPILE_PREFIX_HEADER = YES;
				GCC_PREFIX_HEADER = "Episodio7/Episodio7-Prefix.pch";
				INFOPLIST_FILE = "Episodio7/Episodio7-Info.plist";
				PRODUCT_NAME = "$(TARGET_NAME)";
				WRAPPER_EXTENSION = app;
			};
			name = Debug;
		};
		4B4774B519CB23750073C9B0 /* Release */ = {
			isa = XCBuildConfiguration;
			buildSettings = {
				ASSETCATALOG_COMPILER_APPICON_NAME = AppIcon;
				ASSETCATALOG_COMPILER_LAUNCHIMAGE_NAME = LaunchImage;
				GCC_PRECOMPILE_PREFIX_HEADER = YES;
				GCC_PREFIX_HEADER = "Episodio7/Episodio7-Prefix.pch";
				INFOPLIST_FILE = "Episodio7/Episodio7-Info.plist";
				PRODUCT_NAME = "$(TARGET_NAME)";
				WRAPPER_EXTENSION = app;
			};
			name = Release;
		};
		4B4774B719CB23750073C9B0 /* Debug */ = {
			isa = XCBuildConfiguration;
			buildSettings = {
				BUNDLE_LOADER = "$(BUILT_PRODUCTS_DIR)/Episodio7.app/Episodio7";
				FRAMEWORK_SEARCH_PATHS = (
					"$(SDKROOT)/Developer/Library/Frameworks",
					"$(inherited)",
					"$(DEVELOPER_FRAMEWORKS_DIR)",
				);
				GCC_PRECOMPILE_PREFIX_HEADER = YES;
				GCC_PREFIX_HEADER = "Episodio7/Episodio7-Prefix.pch";
				GCC_PREPROCESSOR_DEFINITIONS = (
					"DEBUG=1",
					"$(inherited)",
				);
				INFOPLIST_FILE = "Episodio7Tests/Episodio7Tests-Info.plist";
				PRODUCT_NAME = "$(TARGET_NAME)";
				TEST_HOST = "$(BUNDLE_LOADER)";
				WRAPPER_EXTENSION = xctest;
			};
			name = Debug;
		};
		4B4774B819CB23750073C9B0 /* Release */ = {
			isa = XCBuildConfiguration;
			buildSettings = {
				BUNDLE_LOADER = "$(BUILT_PRODUCTS_DIR)/Episodio7.app/Episodio7";
				FRAMEWORK_SEARCH_PATHS = (
					"$(SDKROOT)/Developer/Library/Frameworks",
					"$(inherited)",
					"$(DEVELOPER_FRAMEWORKS_DIR)",
				);
				GCC_PRECOMPILE_PREFIX_HEADER = YES;
				GCC_PREFIX_HEADER = "Episodio7/Episodio7-Prefix.pch";
				INFOPLIST_FILE = "Episodio7Tests/Episodio7Tests-Info.plist";
				PRODUCT_NAME = "$(TARGET_NAME)";
				TEST_HOST = "$(BUNDLE_LOADER)";
				WRAPPER_EXTENSION = xctest;
			};
			name = Release;
		};
/* End XCBuildConfiguration section */

/* Begin XCConfigurationList section */
		4B47747C19CB23740073C9B0 /* Build configuration list for PBXProject "Episodio7" */ = {
			isa = XCConfigurationList;
			buildConfigurations = (
				4B4774B119CB23750073C9B0 /* Debug */,
				4B4774B219CB23750073C9B0 /* Release */,
			);
			defaultConfigurationIsVisible = 0;
			defaultConfigurationName = Release;
		};
		4B4774B319CB23750073C9B0 /* Build configuration list for PBXNativeTarget "Episodio7" */ = {
			isa = XCConfigurationList;
			buildConfigurations = (
				4B4774B419CB23750073C9B0 /* Debug */,
				4B4774B519CB23750073C9B0 /* Release */,
			);
			defaultConfigurationIsVisible = 0;
		};
		4B4774B619CB23750073C9B0 /* Build configuration list for PBXNativeTarget "Episodio7Tests" */ = {
			isa = XCConfigurationList;
			buildConfigurations = (
				4B4774B719CB23750073C9B0 /* Debug */,
				4B4774B819CB23750073C9B0 /* Release */,
			);
			defaultConfigurationIsVisible = 0;
		};
/* End XCConfigurationList section */
	};
	rootObject = 4B47747919CB23740073C9B0 /* Project object */;
}
