// !$*UTF8*$!
{
	archiveVersion = 1;
	classes = {
	};
	objectVersion = 46;
	objects = {

/* Begin PBXBuildFile section */
		4B94389919D1BAFB00A81D6F /* main.m in Sources */ = {isa = PBXBuildFile; fileRef = 4B94389819D1BAFB00A81D6F /* main.m */; };
		4B94389C19D1BAFB00A81D6F /* AppDelegate.m in Sources */ = {isa = PBXBuildFile; fileRef = 4B94389B19D1BAFB00A81D6F /* AppDelegate.m */; };
		4B94389F19D1BAFB00A81D6F /* ViewController.m in Sources */ = {isa = PBXBuildFile; fileRef = 4B94389E19D1BAFB00A81D6F /* ViewController.m */; };
		4B9438A219D1BAFB00A81D6F /* Main.storyboard in Resources */ = {isa = PBXBuildFile; fileRef = 4B9438A019D1BAFB00A81D6F /* Main.storyboard */; };
		4B9438A419D1BAFB00A81D6F /* Images.xcassets in Resources */ = {isa = PBXBuildFile; fileRef = 4B9438A319D1BAFB00A81D6F /* Images.xcassets */; };
		4B9438A719D1BAFB00A81D6F /* LaunchScreen.xib in Resources */ = {isa = PBXBuildFile; fileRef = 4B9438A519D1BAFB00A81D6F /* LaunchScreen.xib */; };
		4B9438B319D1BAFB00A81D6F /* Express6Tests.m in Sources */ = {isa = PBXBuildFile; fileRef = 4B9438B219D1BAFB00A81D6F /* Express6Tests.m */; };
/* End PBXBuildFile section */

/* Begin PBXContainerItemProxy section */
		4B9438AD19D1BAFB00A81D6F /* PBXContainerItemProxy */ = {
			isa = PBXContainerItemProxy;
			containerPortal = 4B94388B19D1BAFB00A81D6F /* Project object */;
			proxyType = 1;
			remoteGlobalIDString = 4B94389219D1BAFB00A81D6F;
			remoteInfo = Express6;
		};
/* End PBXContainerItemProxy section */

/* Begin PBXFileReference section */
		4B94389319D1BAFB00A81D6F /* Express6.app */ = {isa = PBXFileReference; explicitFileType = wrapper.application; includeInIndex = 0; path = Express6.app; sourceTree = BUILT_PRODUCTS_DIR; };
		4B94389719D1BAFB00A81D6F /* Info.plist */ = {isa = PBXFileReference; lastKnownFileType = text.plist.xml; path = Info.plist; sourceTree = "<group>"; };
		4B94389819D1BAFB00A81D6F /* main.m */ = {isa = PBXFileReference; lastKnownFileType = sourcecode.c.objc; path = main.m; sourceTree = "<group>"; };
		4B94389A19D1BAFB00A81D6F /* AppDelegate.h */ = {isa = PBXFileReference; lastKnownFileType = sourcecode.c.h; path = AppDelegate.h; sourceTree = "<group>"; };
		4B94389B19D1BAFB00A81D6F /* AppDelegate.m */ = {isa = PBXFileReference; lastKnownFileType = sourcecode.c.objc; path = AppDelegate.m; sourceTree = "<group>"; };
		4B94389D19D1BAFB00A81D6F /* ViewController.h */ = {isa = PBXFileReference; lastKnownFileType = sourcecode.c.h; path = ViewController.h; sourceTree = "<group>"; };
		4B94389E19D1BAFB00A81D6F /* ViewController.m */ = {isa = PBXFileReference; lastKnownFileType = sourcecode.c.objc; path = ViewController.m; sourceTree = "<group>"; };
		4B9438A119D1BAFB00A81D6F /* Base */ = {isa = PBXFileReference; lastKnownFileType = file.storyboard; name = Base; path = Base.lproj/Main.storyboard; sourceTree = "<group>"; };
		4B9438A319D1BAFB00A81D6F /* Images.xcassets */ = {isa = PBXFileReference; lastKnownFileType = folder.assetcatalog; path = Images.xcassets; sourceTree = "<group>"; };
		4B9438A619D1BAFB00A81D6F /* Base */ = {isa = PBXFileReference; lastKnownFileType = file.xib; name = Base; path = Base.lproj/LaunchScreen.xib; sourceTree = "<group>"; };
		4B9438AC19D1BAFB00A81D6F /* Express6Tests.xctest */ = {isa = PBXFileReference; explicitFileType = wrapper.cfbundle; includeInIndex = 0; path = Express6Tests.xctest; sourceTree = BUILT_PRODUCTS_DIR; };
		4B9438B119D1BAFB00A81D6F /* Info.plist */ = {isa = PBXFileReference; lastKnownFileType = text.plist.xml; path = Info.plist; sourceTree = "<group>"; };
		4B9438B219D1BAFB00A81D6F /* Express6Tests.m */ = {isa = PBXFileReference; lastKnownFileType = sourcecode.c.objc; path = Express6Tests.m; sourceTree = "<group>"; };
/* End PBXFileReference section */

/* Begin PBXFrameworksBuildPhase section */
		4B94389019D1BAFB00A81D6F /* Frameworks */ = {
			isa = PBXFrameworksBuildPhase;
			buildActionMask = 2147483647;
			files = (
			);
			runOnlyForDeploymentPostprocessing = 0;
		};
		4B9438A919D1BAFB00A81D6F /* Frameworks */ = {
			isa = PBXFrameworksBuildPhase;
			buildActionMask = 2147483647;
			files = (
			);
			runOnlyForDeploymentPostprocessing = 0;
		};
/* End PBXFrameworksBuildPhase section */

/* Begin PBXGroup section */
		4B94388A19D1BAFB00A81D6F = {
			isa = PBXGroup;
			children = (
				4B94389519D1BAFB00A81D6F /* Express6 */,
				4B9438AF19D1BAFB00A81D6F /* Express6Tests */,
				4B94389419D1BAFB00A81D6F /* Products */,
			);
			sourceTree = "<group>";
		};
		4B94389419D1BAFB00A81D6F /* Products */ = {
			isa = PBXGroup;
			children = (
				4B94389319D1BAFB00A81D6F /* Express6.app */,
				4B9438AC19D1BAFB00A81D6F /* Express6Tests.xctest */,
			);
			name = Products;
			sourceTree = "<group>";
		};
		4B94389519D1BAFB00A81D6F /* Express6 */ = {
			isa = PBXGroup;
			children = (
				4B94389A19D1BAFB00A81D6F /* AppDelegate.h */,
				4B94389B19D1BAFB00A81D6F /* AppDelegate.m */,
				4B94389D19D1BAFB00A81D6F /* ViewController.h */,
				4B94389E19D1BAFB00A81D6F /* ViewController.m */,
				4B9438A019D1BAFB00A81D6F /* Main.storyboard */,
				4B9438A319D1BAFB00A81D6F /* Images.xcassets */,
				4B9438A519D1BAFB00A81D6F /* LaunchScreen.xib */,
				4B94389619D1BAFB00A81D6F /* Supporting Files */,
			);
			path = Express6;
			sourceTree = "<group>";
		};
		4B94389619D1BAFB00A81D6F /* Supporting Files */ = {
			isa = PBXGroup;
			children = (
				4B94389719D1BAFB00A81D6F /* Info.plist */,
				4B94389819D1BAFB00A81D6F /* main.m */,
			);
			name = "Supporting Files";
			sourceTree = "<group>";
		};
		4B9438AF19D1BAFB00A81D6F /* Express6Tests */ = {
			isa = PBXGroup;
			children = (
				4B9438B219D1BAFB00A81D6F /* Express6Tests.m */,
				4B9438B019D1BAFB00A81D6F /* Supporting Files */,
			);
			path = Express6Tests;
			sourceTree = "<group>";
		};
		4B9438B019D1BAFB00A81D6F /* Supporting Files */ = {
			isa = PBXGroup;
			children = (
				4B9438B119D1BAFB00A81D6F /* Info.plist */,
			);
			name = "Supporting Files";
			sourceTree = "<group>";
		};
/* End PBXGroup section */

/* Begin PBXNativeTarget section */
		4B94389219D1BAFB00A81D6F /* Express6 */ = {
			isa = PBXNativeTarget;
			buildConfigurationList = 4B9438B619D1BAFB00A81D6F /* Build configuration list for PBXNativeTarget "Express6" */;
			buildPhases = (
				4B94388F19D1BAFB00A81D6F /* Sources */,
				4B94389019D1BAFB00A81D6F /* Frameworks */,
				4B94389119D1BAFB00A81D6F /* Resources */,
			);
			buildRules = (
			);
			dependencies = (
			);
			name = Express6;
			productName = Express6;
			productReference = 4B94389319D1BAFB00A81D6F /* Express6.app */;
			productType = "com.apple.product-type.application";
		};
		4B9438AB19D1BAFB00A81D6F /* Express6Tests */ = {
			isa = PBXNativeTarget;
			buildConfigurationList = 4B9438B919D1BAFB00A81D6F /* Build configuration list for PBXNativeTarget "Express6Tests" */;
			buildPhases = (
				4B9438A819D1BAFB00A81D6F /* Sources */,
				4B9438A919D1BAFB00A81D6F /* Frameworks */,
				4B9438AA19D1BAFB00A81D6F /* Resources */,
			);
			buildRules = (
			);
			dependencies = (
				4B9438AE19D1BAFB00A81D6F /* PBXTargetDependency */,
			);
			name = Express6Tests;
			productName = Express6Tests;
			productReference = 4B9438AC19D1BAFB00A81D6F /* Express6Tests.xctest */;
			productType = "com.apple.product-type.bundle.unit-test";
		};
/* End PBXNativeTarget section */

/* Begin PBXProject section */
		4B94388B19D1BAFB00A81D6F /* Project object */ = {
			isa = PBXProject;
			attributes = {
				LastUpgradeCheck = 0600;
				ORGANIZATIONNAME = "Santiago Gonzalez Causse";
				TargetAttributes = {
					4B94389219D1BAFB00A81D6F = {
						CreatedOnToolsVersion = 6.0.1;
					};
					4B9438AB19D1BAFB00A81D6F = {
						CreatedOnToolsVersion = 6.0.1;
						TestTargetID = 4B94389219D1BAFB00A81D6F;
					};
				};
			};
			buildConfigurationList = 4B94388E19D1BAFB00A81D6F /* Build configuration list for PBXProject "Express6" */;
			compatibilityVersion = "Xcode 3.2";
			developmentRegion = English;
			hasScannedForEncodings = 0;
			knownRegions = (
				en,
				Base,
			);
			mainGroup = 4B94388A19D1BAFB00A81D6F;
			productRefGroup = 4B94389419D1BAFB00A81D6F /* Products */;
			projectDirPath = "";
			projectRoot = "";
			targets = (
				4B94389219D1BAFB00A81D6F /* Express6 */,
				4B9438AB19D1BAFB00A81D6F /* Express6Tests */,
			);
		};
/* End PBXProject section */

/* Begin PBXResourcesBuildPhase section */
		4B94389119D1BAFB00A81D6F /* Resources */ = {
			isa = PBXResourcesBuildPhase;
			buildActionMask = 2147483647;
			files = (
				4B9438A219D1BAFB00A81D6F /* Main.storyboard in Resources */,
				4B9438A719D1BAFB00A81D6F /* LaunchScreen.xib in Resources */,
				4B9438A419D1BAFB00A81D6F /* Images.xcassets in Resources */,
			);
			runOnlyForDeploymentPostprocessing = 0;
		};
		4B9438AA19D1BAFB00A81D6F /* Resources */ = {
			isa = PBXResourcesBuildPhase;
			buildActionMask = 2147483647;
			files = (
			);
			runOnlyForDeploymentPostprocessing = 0;
		};
/* End PBXResourcesBuildPhase section */

/* Begin PBXSourcesBuildPhase section */
		4B94388F19D1BAFB00A81D6F /* Sources */ = {
			isa = PBXSourcesBuildPhase;
			buildActionMask = 2147483647;
			files = (
				4B94389F19D1BAFB00A81D6F /* ViewController.m in Sources */,
				4B94389C19D1BAFB00A81D6F /* AppDelegate.m in Sources */,
				4B94389919D1BAFB00A81D6F /* main.m in Sources */,
			);
			runOnlyForDeploymentPostprocessing = 0;
		};
		4B9438A819D1BAFB00A81D6F /* Sources */ = {
			isa = PBXSourcesBuildPhase;
			buildActionMask = 2147483647;
			files = (
				4B9438B319D1BAFB00A81D6F /* Express6Tests.m in Sources */,
			);
			runOnlyForDeploymentPostprocessing = 0;
		};
/* End PBXSourcesBuildPhase section */

/* Begin PBXTargetDependency section */
		4B9438AE19D1BAFB00A81D6F /* PBXTargetDependency */ = {
			isa = PBXTargetDependency;
			target = 4B94389219D1BAFB00A81D6F /* Express6 */;
			targetProxy = 4B9438AD19D1BAFB00A81D6F /* PBXContainerItemProxy */;
		};
/* End PBXTargetDependency section */

/* Begin PBXVariantGroup section */
		4B9438A019D1BAFB00A81D6F /* Main.storyboard */ = {
			isa = PBXVariantGroup;
			children = (
				4B9438A119D1BAFB00A81D6F /* Base */,
			);
			name = Main.storyboard;
			sourceTree = "<group>";
		};
		4B9438A519D1BAFB00A81D6F /* LaunchScreen.xib */ = {
			isa = PBXVariantGroup;
			children = (
				4B9438A619D1BAFB00A81D6F /* Base */,
			);
			name = LaunchScreen.xib;
			sourceTree = "<group>";
		};
/* End PBXVariantGroup section */

/* Begin XCBuildConfiguration section */
		4B9438B419D1BAFB00A81D6F /* Debug */ = {
			isa = XCBuildConfiguration;
			buildSettings = {
				ALWAYS_SEARCH_USER_PATHS = NO;
				CLANG_CXX_LANGUAGE_STANDARD = "gnu++0x";
				CLANG_CXX_LIBRARY = "libc++";
				CLANG_ENABLE_MODULES = YES;
				CLANG_ENABLE_OBJC_ARC = YES;
				CLANG_WARN_BOOL_CONVERSION = YES;
				CLANG_WARN_CONSTANT_CONVERSION = YES;
				CLANG_WARN_DIRECT_OBJC_ISA_USAGE = YES_ERROR;
				CLANG_WARN_EMPTY_BODY = YES;
				CLANG_WARN_ENUM_CONVERSION = YES;
				CLANG_WARN_INT_CONVERSION = YES;
				CLANG_WARN_OBJC_ROOT_CLASS = YES_ERROR;
				CLANG_WARN_UNREACHABLE_CODE = YES;
				CLANG_WARN__DUPLICATE_METHOD_MATCH = YES;
				"CODE_SIGN_IDENTITY[sdk=iphoneos*]" = "iPhone Developer";
				COPY_PHASE_STRIP = NO;
				ENABLE_STRICT_OBJC_MSGSEND = YES;
				GCC_C_LANGUAGE_STANDARD = gnu99;
				GCC_DYNAMIC_NO_PIC = NO;
				GCC_OPTIMIZATION_LEVEL = 0;
				GCC_PREPROCESSOR_DEFINITIONS = (
					"DEBUG=1",
					"$(inherited)",
				);
				GCC_SYMBOLS_PRIVATE_EXTERN = NO;
				GCC_WARN_64_TO_32_BIT_CONVERSION = YES;
				GCC_WARN_ABOUT_RETURN_TYPE = YES_ERROR;
				GCC_WARN_UNDECLARED_SELECTOR = YES;
				GCC_WARN_UNINITIALIZED_AUTOS = YES_AGGRESSIVE;
				GCC_WARN_UNUSED_FUNCTION = YES;
				GCC_WARN_UNUSED_VARIABLE = YES;
				IPHONEOS_DEPLOYMENT_TARGET = 8.0;
				MTL_ENABLE_DEBUG_INFO = YES;
				ONLY_ACTIVE_ARCH = YES;
				SDKROOT = iphoneos;
			};
			name = Debug;
		};
		4B9438B519D1BAFB00A81D6F /* Release */ = {
			isa = XCBuildConfiguration;
			buildSettings = {
				ALWAYS_SEARCH_USER_PATHS = NO;
				CLANG_CXX_LANGUAGE_STANDARD = "gnu++0x";
				CLANG_CXX_LIBRARY = "libc++";
				CLANG_ENABLE_MODULES = YES;
				CLANG_ENABLE_OBJC_ARC = YES;
				CLANG_WARN_BOOL_CONVERSION = YES;
				CLANG_WARN_CONSTANT_CONVERSION = YES;
				CLANG_WARN_DIRECT_OBJC_ISA_USAGE = YES_ERROR;
				CLANG_WARN_EMPTY_BODY = YES;
				CLANG_WARN_ENUM_CONVERSION = YES;
				CLANG_WARN_INT_CONVERSION = YES;
				CLANG_WARN_OBJC_ROOT_CLASS = YES_ERROR;
				CLANG_WARN_UNREACHABLE_CODE = YES;
				CLANG_WARN__DUPLICATE_METHOD_MATCH = YES;
				"CODE_SIGN_IDENTITY[sdk=iphoneos*]" = "iPhone Developer";
				COPY_PHASE_STRIP = YES;
				ENABLE_NS_ASSERTIONS = NO;
				ENABLE_STRICT_OBJC_MSGSEND = YES;
				GCC_C_LANGUAGE_STANDARD = gnu99;
				GCC_WARN_64_TO_32_BIT_CONVERSION = YES;
				GCC_WARN_ABOUT_RETURN_TYPE = YES_ERROR;
				GCC_WARN_UNDECLARED_SELECTOR = YES;
				GCC_WARN_UNINITIALIZED_AUTOS = YES_AGGRESSIVE;
				GCC_WARN_UNUSED_FUNCTION = YES;
				GCC_WARN_UNUSED_VARIABLE = YES;
				IPHONEOS_DEPLOYMENT_TARGET = 8.0;
				MTL_ENABLE_DEBUG_INFO = NO;
				SDKROOT = iphoneos;
				VALIDATE_PRODUCT = YES;
			};
			name = Release;
		};
		4B9438B719D1BAFB00A81D6F /* Debug */ = {
			isa = XCBuildConfiguration;
			buildSettings = {
				ASSETCATALOG_COMPILER_APPICON_NAME = AppIcon;
				INFOPLIST_FILE = Express6/Info.plist;
				LD_RUNPATH_SEARCH_PATHS = "$(inherited) @executable_path/Frameworks";
				PRODUCT_NAME = "$(TARGET_NAME)";
			};
			name = Debug;
		};
		4B9438B819D1BAFB00A81D6F /* Release */ = {
			isa = XCBuildConfiguration;
			buildSettings = {
				ASSETCATALOG_COMPILER_APPICON_NAME = AppIcon;
				INFOPLIST_FILE = Express6/Info.plist;
				LD_RUNPATH_SEARCH_PATHS = "$(inherited) @executable_path/Frameworks";
				PRODUCT_NAME = "$(TARGET_NAME)";
			};
			name = Release;
		};
		4B9438BA19D1BAFB00A81D6F /* Debug */ = {
			isa = XCBuildConfiguration;
			buildSettings = {
				BUNDLE_LOADER = "$(TEST_HOST)";
				FRAMEWORK_SEARCH_PATHS = (
					"$(SDKROOT)/Developer/Library/Frameworks",
					"$(inherited)",
				);
				GCC_PREPROCESSOR_DEFINITIONS = (
					"DEBUG=1",
					"$(inherited)",
				);
				INFOPLIST_FILE = Express6Tests/Info.plist;
				LD_RUNPATH_SEARCH_PATHS = "$(inherited) @executable_path/Frameworks @loader_path/Frameworks";
				PRODUCT_NAME = "$(TARGET_NAME)";
				TEST_HOST = "$(BUILT_PRODUCTS_DIR)/Express6.app/Express6";
			};
			name = Debug;
		};
		4B9438BB19D1BAFB00A81D6F /* Release */ = {
			isa = XCBuildConfiguration;
			buildSettings = {
				BUNDLE_LOADER = "$(TEST_HOST)";
				FRAMEWORK_SEARCH_PATHS = (
					"$(SDKROOT)/Developer/Library/Frameworks",
					"$(inherited)",
				);
				INFOPLIST_FILE = Express6Tests/Info.plist;
				LD_RUNPATH_SEARCH_PATHS = "$(inherited) @executable_path/Frameworks @loader_path/Frameworks";
				PRODUCT_NAME = "$(TARGET_NAME)";
				TEST_HOST = "$(BUILT_PRODUCTS_DIR)/Express6.app/Express6";
			};
			name = Release;
		};
/* End XCBuildConfiguration section */

/* Begin XCConfigurationList section */
		4B94388E19D1BAFB00A81D6F /* Build configuration list for PBXProject "Express6" */ = {
			isa = XCConfigurationList;
			buildConfigurations = (
				4B9438B419D1BAFB00A81D6F /* Debug */,
				4B9438B519D1BAFB00A81D6F /* Release */,
			);
			defaultConfigurationIsVisible = 0;
			defaultConfigurationName = Release;
		};
		4B9438B619D1BAFB00A81D6F /* Build configuration list for PBXNativeTarget "Express6" */ = {
			isa = XCConfigurationList;
			buildConfigurations = (
				4B9438B719D1BAFB00A81D6F /* Debug */,
				4B9438B819D1BAFB00A81D6F /* Release */,
			);
			defaultConfigurationIsVisible = 0;
		};
		4B9438B919D1BAFB00A81D6F /* Build configuration list for PBXNativeTarget "Express6Tests" */ = {
			isa = XCConfigurationList;
			buildConfigurations = (
				4B9438BA19D1BAFB00A81D6F /* Debug */,
				4B9438BB19D1BAFB00A81D6F /* Release */,
			);
			defaultConfigurationIsVisible = 0;
		};
/* End XCConfigurationList section */
	};
	rootObject = 4B94388B19D1BAFB00A81D6F /* Project object */;
}
