// !$*UTF8*$!
{
	archiveVersion = 1;
	classes = {
	};
	objectVersion = 46;
	objects = {

/* Begin PBXBuildFile section */
		4B3A30A81AA6080C00A74B66 /* main.m in Sources */ = {isa = PBXBuildFile; fileRef = 4B3A30A71AA6080C00A74B66 /* main.m */; };
		4B3A30AB1AA6080C00A74B66 /* AppDelegate.m in Sources */ = {isa = PBXBuildFile; fileRef = 4B3A30AA1AA6080C00A74B66 /* AppDelegate.m */; };
		4B3A30AE1AA6080C00A74B66 /* ViewController.m in Sources */ = {isa = PBXBuildFile; fileRef = 4B3A30AD1AA6080C00A74B66 /* ViewController.m */; };
		4B3A30B11AA6080C00A74B66 /* Main.storyboard in Resources */ = {isa = PBXBuildFile; fileRef = 4B3A30AF1AA6080C00A74B66 /* Main.storyboard */; };
		4B3A30B31AA6080C00A74B66 /* Images.xcassets in Resources */ = {isa = PBXBuildFile; fileRef = 4B3A30B21AA6080C00A74B66 /* Images.xcassets */; };
		4B3A30B61AA6080C00A74B66 /* LaunchScreen.xib in Resources */ = {isa = PBXBuildFile; fileRef = 4B3A30B41AA6080C00A74B66 /* LaunchScreen.xib */; };
		4B3A30C21AA6080C00A74B66 /* Episodio12Tests.m in Sources */ = {isa = PBXBuildFile; fileRef = 4B3A30C11AA6080C00A74B66 /* Episodio12Tests.m */; };
/* End PBXBuildFile section */

/* Begin PBXContainerItemProxy section */
		4B3A30BC1AA6080C00A74B66 /* PBXContainerItemProxy */ = {
			isa = PBXContainerItemProxy;
			containerPortal = 4B3A309A1AA6080C00A74B66 /* Project object */;
			proxyType = 1;
			remoteGlobalIDString = 4B3A30A11AA6080C00A74B66;
			remoteInfo = Episodio12;
		};
/* End PBXContainerItemProxy section */

/* Begin PBXFileReference section */
		4B3A30A21AA6080C00A74B66 /* Episodio12.app */ = {isa = PBXFileReference; explicitFileType = wrapper.application; includeInIndex = 0; path = Episodio12.app; sourceTree = BUILT_PRODUCTS_DIR; };
		4B3A30A61AA6080C00A74B66 /* Info.plist */ = {isa = PBXFileReference; lastKnownFileType = text.plist.xml; path = Info.plist; sourceTree = "<group>"; };
		4B3A30A71AA6080C00A74B66 /* main.m */ = {isa = PBXFileReference; lastKnownFileType = sourcecode.c.objc; path = main.m; sourceTree = "<group>"; };
		4B3A30A91AA6080C00A74B66 /* AppDelegate.h */ = {isa = PBXFileReference; lastKnownFileType = sourcecode.c.h; path = AppDelegate.h; sourceTree = "<group>"; };
		4B3A30AA1AA6080C00A74B66 /* AppDelegate.m */ = {isa = PBXFileReference; lastKnownFileType = sourcecode.c.objc; path = AppDelegate.m; sourceTree = "<group>"; };
		4B3A30AC1AA6080C00A74B66 /* ViewController.h */ = {isa = PBXFileReference; lastKnownFileType = sourcecode.c.h; path = ViewController.h; sourceTree = "<group>"; };
		4B3A30AD1AA6080C00A74B66 /* ViewController.m */ = {isa = PBXFileReference; lastKnownFileType = sourcecode.c.objc; path = ViewController.m; sourceTree = "<group>"; };
		4B3A30B01AA6080C00A74B66 /* Base */ = {isa = PBXFileReference; lastKnownFileType = file.storyboard; name = Base; path = Base.lproj/Main.storyboard; sourceTree = "<group>"; };
		4B3A30B21AA6080C00A74B66 /* Images.xcassets */ = {isa = PBXFileReference; lastKnownFileType = folder.assetcatalog; path = Images.xcassets; sourceTree = "<group>"; };
		4B3A30B51AA6080C00A74B66 /* Base */ = {isa = PBXFileReference; lastKnownFileType = file.xib; name = Base; path = Base.lproj/LaunchScreen.xib; sourceTree = "<group>"; };
		4B3A30BB1AA6080C00A74B66 /* Episodio12Tests.xctest */ = {isa = PBXFileReference; explicitFileType = wrapper.cfbundle; includeInIndex = 0; path = Episodio12Tests.xctest; sourceTree = BUILT_PRODUCTS_DIR; };
		4B3A30C01AA6080C00A74B66 /* Info.plist */ = {isa = PBXFileReference; lastKnownFileType = text.plist.xml; path = Info.plist; sourceTree = "<group>"; };
		4B3A30C11AA6080C00A74B66 /* Episodio12Tests.m */ = {isa = PBXFileReference; lastKnownFileType = sourcecode.c.objc; path = Episodio12Tests.m; sourceTree = "<group>"; };
/* End PBXFileReference section */

/* Begin PBXFrameworksBuildPhase section */
		4B3A309F1AA6080C00A74B66 /* Frameworks */ = {
			isa = PBXFrameworksBuildPhase;
			buildActionMask = 2147483647;
			files = (
			);
			runOnlyForDeploymentPostprocessing = 0;
		};
		4B3A30B81AA6080C00A74B66 /* Frameworks */ = {
			isa = PBXFrameworksBuildPhase;
			buildActionMask = 2147483647;
			files = (
			);
			runOnlyForDeploymentPostprocessing = 0;
		};
/* End PBXFrameworksBuildPhase section */

/* Begin PBXGroup section */
		4B3A30991AA6080C00A74B66 = {
			isa = PBXGroup;
			children = (
				4B3A30A41AA6080C00A74B66 /* Episodio12 */,
				4B3A30BE1AA6080C00A74B66 /* Episodio12Tests */,
				4B3A30A31AA6080C00A74B66 /* Products */,
			);
			sourceTree = "<group>";
		};
		4B3A30A31AA6080C00A74B66 /* Products */ = {
			isa = PBXGroup;
			children = (
				4B3A30A21AA6080C00A74B66 /* Episodio12.app */,
				4B3A30BB1AA6080C00A74B66 /* Episodio12Tests.xctest */,
			);
			name = Products;
			sourceTree = "<group>";
		};
		4B3A30A41AA6080C00A74B66 /* Episodio12 */ = {
			isa = PBXGroup;
			children = (
				4B3A30A91AA6080C00A74B66 /* AppDelegate.h */,
				4B3A30AA1AA6080C00A74B66 /* AppDelegate.m */,
				4B3A30AC1AA6080C00A74B66 /* ViewController.h */,
				4B3A30AD1AA6080C00A74B66 /* ViewController.m */,
				4B3A30AF1AA6080C00A74B66 /* Main.storyboard */,
				4B3A30B21AA6080C00A74B66 /* Images.xcassets */,
				4B3A30B41AA6080C00A74B66 /* LaunchScreen.xib */,
				4B3A30A51AA6080C00A74B66 /* Supporting Files */,
			);
			path = Episodio12;
			sourceTree = "<group>";
		};
		4B3A30A51AA6080C00A74B66 /* Supporting Files */ = {
			isa = PBXGroup;
			children = (
				4B3A30A61AA6080C00A74B66 /* Info.plist */,
				4B3A30A71AA6080C00A74B66 /* main.m */,
			);
			name = "Supporting Files";
			sourceTree = "<group>";
		};
		4B3A30BE1AA6080C00A74B66 /* Episodio12Tests */ = {
			isa = PBXGroup;
			children = (
				4B3A30C11AA6080C00A74B66 /* Episodio12Tests.m */,
				4B3A30BF1AA6080C00A74B66 /* Supporting Files */,
			);
			path = Episodio12Tests;
			sourceTree = "<group>";
		};
		4B3A30BF1AA6080C00A74B66 /* Supporting Files */ = {
			isa = PBXGroup;
			children = (
				4B3A30C01AA6080C00A74B66 /* Info.plist */,
			);
			name = "Supporting Files";
			sourceTree = "<group>";
		};
/* End PBXGroup section */

/* Begin PBXNativeTarget section */
		4B3A30A11AA6080C00A74B66 /* Episodio12 */ = {
			isa = PBXNativeTarget;
			buildConfigurationList = 4B3A30C51AA6080C00A74B66 /* Build configuration list for PBXNativeTarget "Episodio12" */;
			buildPhases = (
				4B3A309E1AA6080C00A74B66 /* Sources */,
				4B3A309F1AA6080C00A74B66 /* Frameworks */,
				4B3A30A01AA6080C00A74B66 /* Resources */,
			);
			buildRules = (
			);
			dependencies = (
			);
			name = Episodio12;
			productName = Episodio12;
			productReference = 4B3A30A21AA6080C00A74B66 /* Episodio12.app */;
			productType = "com.apple.product-type.application";
		};
		4B3A30BA1AA6080C00A74B66 /* Episodio12Tests */ = {
			isa = PBXNativeTarget;
			buildConfigurationList = 4B3A30C81AA6080C00A74B66 /* Build configuration list for PBXNativeTarget "Episodio12Tests" */;
			buildPhases = (
				4B3A30B71AA6080C00A74B66 /* Sources */,
				4B3A30B81AA6080C00A74B66 /* Frameworks */,
				4B3A30B91AA6080C00A74B66 /* Resources */,
			);
			buildRules = (
			);
			dependencies = (
				4B3A30BD1AA6080C00A74B66 /* PBXTargetDependency */,
			);
			name = Episodio12Tests;
			productName = Episodio12Tests;
			productReference = 4B3A30BB1AA6080C00A74B66 /* Episodio12Tests.xctest */;
			productType = "com.apple.product-type.bundle.unit-test";
		};
/* End PBXNativeTarget section */

/* Begin PBXProject section */
		4B3A309A1AA6080C00A74B66 /* Project object */ = {
			isa = PBXProject;
			attributes = {
				LastUpgradeCheck = 0610;
				ORGANIZATIONNAME = "Santiago Gonzalez Causse";
				TargetAttributes = {
					4B3A30A11AA6080C00A74B66 = {
						CreatedOnToolsVersion = 6.1.1;
					};
					4B3A30BA1AA6080C00A74B66 = {
						CreatedOnToolsVersion = 6.1.1;
						TestTargetID = 4B3A30A11AA6080C00A74B66;
					};
				};
			};
			buildConfigurationList = 4B3A309D1AA6080C00A74B66 /* Build configuration list for PBXProject "Episodio12" */;
			compatibilityVersion = "Xcode 3.2";
			developmentRegion = English;
			hasScannedForEncodings = 0;
			knownRegions = (
				en,
				Base,
			);
			mainGroup = 4B3A30991AA6080C00A74B66;
			productRefGroup = 4B3A30A31AA6080C00A74B66 /* Products */;
			projectDirPath = "";
			projectRoot = "";
			targets = (
				4B3A30A11AA6080C00A74B66 /* Episodio12 */,
				4B3A30BA1AA6080C00A74B66 /* Episodio12Tests */,
			);
		};
/* End PBXProject section */

/* Begin PBXResourcesBuildPhase section */
		4B3A30A01AA6080C00A74B66 /* Resources */ = {
			isa = PBXResourcesBuildPhase;
			buildActionMask = 2147483647;
			files = (
				4B3A30B11AA6080C00A74B66 /* Main.storyboard in Resources */,
				4B3A30B61AA6080C00A74B66 /* LaunchScreen.xib in Resources */,
				4B3A30B31AA6080C00A74B66 /* Images.xcassets in Resources */,
			);
			runOnlyForDeploymentPostprocessing = 0;
		};
		4B3A30B91AA6080C00A74B66 /* Resources */ = {
			isa = PBXResourcesBuildPhase;
			buildActionMask = 2147483647;
			files = (
			);
			runOnlyForDeploymentPostprocessing = 0;
		};
/* End PBXResourcesBuildPhase section */

/* Begin PBXSourcesBuildPhase section */
		4B3A309E1AA6080C00A74B66 /* Sources */ = {
			isa = PBXSourcesBuildPhase;
			buildActionMask = 2147483647;
			files = (
				4B3A30AE1AA6080C00A74B66 /* ViewController.m in Sources */,
				4B3A30AB1AA6080C00A74B66 /* AppDelegate.m in Sources */,
				4B3A30A81AA6080C00A74B66 /* main.m in Sources */,
			);
			runOnlyForDeploymentPostprocessing = 0;
		};
		4B3A30B71AA6080C00A74B66 /* Sources */ = {
			isa = PBXSourcesBuildPhase;
			buildActionMask = 2147483647;
			files = (
				4B3A30C21AA6080C00A74B66 /* Episodio12Tests.m in Sources */,
			);
			runOnlyForDeploymentPostprocessing = 0;
		};
/* End PBXSourcesBuildPhase section */

/* Begin PBXTargetDependency section */
		4B3A30BD1AA6080C00A74B66 /* PBXTargetDependency */ = {
			isa = PBXTargetDependency;
			target = 4B3A30A11AA6080C00A74B66 /* Episodio12 */;
			targetProxy = 4B3A30BC1AA6080C00A74B66 /* PBXContainerItemProxy */;
		};
/* End PBXTargetDependency section */

/* Begin PBXVariantGroup section */
		4B3A30AF1AA6080C00A74B66 /* Main.storyboard */ = {
			isa = PBXVariantGroup;
			children = (
				4B3A30B01AA6080C00A74B66 /* Base */,
			);
			name = Main.storyboard;
			sourceTree = "<group>";
		};
		4B3A30B41AA6080C00A74B66 /* LaunchScreen.xib */ = {
			isa = PBXVariantGroup;
			children = (
				4B3A30B51AA6080C00A74B66 /* Base */,
			);
			name = LaunchScreen.xib;
			sourceTree = "<group>";
		};
/* End PBXVariantGroup section */

/* Begin XCBuildConfiguration section */
		4B3A30C31AA6080C00A74B66 /* Debug */ = {
			isa = XCBuildConfiguration;
			buildSettings = {
				ALWAYS_SEARCH_USER_PATHS = NO;
				CLANG_CXX_LANGUAGE_STANDARD = "gnu++0x";
				CLANG_CXX_LIBRARY = "libc++";
				CLANG_ENABLE_MODULES = YES;
				CLANG_ENABLE_OBJC_ARC = YES;
				CLANG_WARN_BOOL_CONVERSION = YES;
				CLANG_WARN_CONSTANT_CONVERSION = YES;
				CLANG_WARN_DIRECT_OBJC_ISA_USAGE = YES_ERROR;
				CLANG_WARN_EMPTY_BODY = YES;
				CLANG_WARN_ENUM_CONVERSION = YES;
				CLANG_WARN_INT_CONVERSION = YES;
				CLANG_WARN_OBJC_ROOT_CLASS = YES_ERROR;
				CLANG_WARN_UNREACHABLE_CODE = YES;
				CLANG_WARN__DUPLICATE_METHOD_MATCH = YES;
				"CODE_SIGN_IDENTITY[sdk=iphoneos*]" = "iPhone Developer";
				COPY_PHASE_STRIP = NO;
				ENABLE_STRICT_OBJC_MSGSEND = YES;
				GCC_C_LANGUAGE_STANDARD = gnu99;
				GCC_DYNAMIC_NO_PIC = NO;
				GCC_OPTIMIZATION_LEVEL = 0;
				GCC_PREPROCESSOR_DEFINITIONS = (
					"DEBUG=1",
					"$(inherited)",
				);
				GCC_SYMBOLS_PRIVATE_EXTERN = NO;
				GCC_WARN_64_TO_32_BIT_CONVERSION = YES;
				GCC_WARN_ABOUT_RETURN_TYPE = YES_ERROR;
				GCC_WARN_UNDECLARED_SELECTOR = YES;
				GCC_WARN_UNINITIALIZED_AUTOS = YES_AGGRESSIVE;
				GCC_WARN_UNUSED_FUNCTION = YES;
				GCC_WARN_UNUSED_VARIABLE = YES;
				IPHONEOS_DEPLOYMENT_TARGET = 8.1;
				MTL_ENABLE_DEBUG_INFO = YES;
				ONLY_ACTIVE_ARCH = YES;
				SDKROOT = iphoneos;
			};
			name = Debug;
		};
		4B3A30C41AA6080C00A74B66 /* Release */ = {
			isa = XCBuildConfiguration;
			buildSettings = {
				ALWAYS_SEARCH_USER_PATHS = NO;
				CLANG_CXX_LANGUAGE_STANDARD = "gnu++0x";
				CLANG_CXX_LIBRARY = "libc++";
				CLANG_ENABLE_MODULES = YES;
				CLANG_ENABLE_OBJC_ARC = YES;
				CLANG_WARN_BOOL_CONVERSION = YES;
				CLANG_WARN_CONSTANT_CONVERSION = YES;
				CLANG_WARN_DIRECT_OBJC_ISA_USAGE = YES_ERROR;
				CLANG_WARN_EMPTY_BODY = YES;
				CLANG_WARN_ENUM_CONVERSION = YES;
				CLANG_WARN_INT_CONVERSION = YES;
				CLANG_WARN_OBJC_ROOT_CLASS = YES_ERROR;
				CLANG_WARN_UNREACHABLE_CODE = YES;
				CLANG_WARN__DUPLICATE_METHOD_MATCH = YES;
				"CODE_SIGN_IDENTITY[sdk=iphoneos*]" = "iPhone Developer";
				COPY_PHASE_STRIP = YES;
				ENABLE_NS_ASSERTIONS = NO;
				ENABLE_STRICT_OBJC_MSGSEND = YES;
				GCC_C_LANGUAGE_STANDARD = gnu99;
				GCC_WARN_64_TO_32_BIT_CONVERSION = YES;
				GCC_WARN_ABOUT_RETURN_TYPE = YES_ERROR;
				GCC_WARN_UNDECLARED_SELECTOR = YES;
				GCC_WARN_UNINITIALIZED_AUTOS = YES_AGGRESSIVE;
				GCC_WARN_UNUSED_FUNCTION = YES;
				GCC_WARN_UNUSED_VARIABLE = YES;
				IPHONEOS_DEPLOYMENT_TARGET = 8.1;
				MTL_ENABLE_DEBUG_INFO = NO;
				SDKROOT = iphoneos;
				VALIDATE_PRODUCT = YES;
			};
			name = Release;
		};
		4B3A30C61AA6080C00A74B66 /* Debug */ = {
			isa = XCBuildConfiguration;
			buildSettings = {
				ASSETCATALOG_COMPILER_APPICON_NAME = AppIcon;
				INFOPLIST_FILE = Episodio12/Info.plist;
				LD_RUNPATH_SEARCH_PATHS = "$(inherited) @executable_path/Frameworks";
				PRODUCT_NAME = "$(TARGET_NAME)";
			};
			name = Debug;
		};
		4B3A30C71AA6080C00A74B66 /* Release */ = {
			isa = XCBuildConfiguration;
			buildSettings = {
				ASSETCATALOG_COMPILER_APPICON_NAME = AppIcon;
				INFOPLIST_FILE = Episodio12/Info.plist;
				LD_RUNPATH_SEARCH_PATHS = "$(inherited) @executable_path/Frameworks";
				PRODUCT_NAME = "$(TARGET_NAME)";
			};
			name = Release;
		};
		4B3A30C91AA6080C00A74B66 /* Debug */ = {
			isa = XCBuildConfiguration;
			buildSettings = {
				BUNDLE_LOADER = "$(TEST_HOST)";
				FRAMEWORK_SEARCH_PATHS = (
					"$(SDKROOT)/Developer/Library/Frameworks",
					"$(inherited)",
				);
				GCC_PREPROCESSOR_DEFINITIONS = (
					"DEBUG=1",
					"$(inherited)",
				);
				INFOPLIST_FILE = Episodio12Tests/Info.plist;
				LD_RUNPATH_SEARCH_PATHS = "$(inherited) @executable_path/Frameworks @loader_path/Frameworks";
				PRODUCT_NAME = "$(TARGET_NAME)";
				TEST_HOST = "$(BUILT_PRODUCTS_DIR)/Episodio12.app/Episodio12";
			};
			name = Debug;
		};
		4B3A30CA1AA6080C00A74B66 /* Release */ = {
			isa = XCBuildConfiguration;
			buildSettings = {
				BUNDLE_LOADER = "$(TEST_HOST)";
				FRAMEWORK_SEARCH_PATHS = (
					"$(SDKROOT)/Developer/Library/Frameworks",
					"$(inherited)",
				);
				INFOPLIST_FILE = Episodio12Tests/Info.plist;
				LD_RUNPATH_SEARCH_PATHS = "$(inherited) @executable_path/Frameworks @loader_path/Frameworks";
				PRODUCT_NAME = "$(TARGET_NAME)";
				TEST_HOST = "$(BUILT_PRODUCTS_DIR)/Episodio12.app/Episodio12";
			};
			name = Release;
		};
/* End XCBuildConfiguration section */

/* Begin XCConfigurationList section */
		4B3A309D1AA6080C00A74B66 /* Build configuration list for PBXProject "Episodio12" */ = {
			isa = XCConfigurationList;
			buildConfigurations = (
				4B3A30C31AA6080C00A74B66 /* Debug */,
				4B3A30C41AA6080C00A74B66 /* Release */,
			);
			defaultConfigurationIsVisible = 0;
			defaultConfigurationName = Release;
		};
		4B3A30C51AA6080C00A74B66 /* Build configuration list for PBXNativeTarget "Episodio12" */ = {
			isa = XCConfigurationList;
			buildConfigurations = (
				4B3A30C61AA6080C00A74B66 /* Debug */,
				4B3A30C71AA6080C00A74B66 /* Release */,
			);
			defaultConfigurationIsVisible = 0;
		};
		4B3A30C81AA6080C00A74B66 /* Build configuration list for PBXNativeTarget "Episodio12Tests" */ = {
			isa = XCConfigurationList;
			buildConfigurations = (
				4B3A30C91AA6080C00A74B66 /* Debug */,
				4B3A30CA1AA6080C00A74B66 /* Release */,
			);
			defaultConfigurationIsVisible = 0;
		};
/* End XCConfigurationList section */
	};
	rootObject = 4B3A309A1AA6080C00A74B66 /* Project object */;
}
