// !$*UTF8*$!
{
	archiveVersion = 1;
	classes = {
	};
	objectVersion = 46;
	objects = {

/* Begin PBXBuildFile section */
		4B50A46A1AA702B700E14314 /* main.m in Sources */ = {isa = PBXBuildFile; fileRef = 4B50A4691AA702B700E14314 /* main.m */; };
		4B50A46D1AA702B700E14314 /* AppDelegate.m in Sources */ = {isa = PBXBuildFile; fileRef = 4B50A46C1AA702B700E14314 /* AppDelegate.m */; };
		4B50A4701AA702B700E14314 /* ViewController.m in Sources */ = {isa = PBXBuildFile; fileRef = 4B50A46F1AA702B700E14314 /* ViewController.m */; };
		4B50A4731AA702B700E14314 /* Main.storyboard in Resources */ = {isa = PBXBuildFile; fileRef = 4B50A4711AA702B700E14314 /* Main.storyboard */; };
		4B50A4751AA702B700E14314 /* Images.xcassets in Resources */ = {isa = PBXBuildFile; fileRef = 4B50A4741AA702B700E14314 /* Images.xcassets */; };
		4B50A4781AA702B700E14314 /* LaunchScreen.xib in Resources */ = {isa = PBXBuildFile; fileRef = 4B50A4761AA702B700E14314 /* LaunchScreen.xib */; };
		4B50A4841AA702B700E14314 /* Episodio13Tests.m in Sources */ = {isa = PBXBuildFile; fileRef = 4B50A4831AA702B700E14314 /* Episodio13Tests.m */; };
		4B50A4901AA7044800E14314 /* AgregarViewController.m in Sources */ = {isa = PBXBuildFile; fileRef = 4B50A48F1AA7044800E14314 /* AgregarViewController.m */; };
		4B50A4921AA7051000E14314 /* libsqlite3.dylib in Frameworks */ = {isa = PBXBuildFile; fileRef = 4B50A4911AA7051000E14314 /* libsqlite3.dylib */; };
/* End PBXBuildFile section */

/* Begin PBXContainerItemProxy section */
		4B50A47E1AA702B700E14314 /* PBXContainerItemProxy */ = {
			isa = PBXContainerItemProxy;
			containerPortal = 4B50A45C1AA702B700E14314 /* Project object */;
			proxyType = 1;
			remoteGlobalIDString = 4B50A4631AA702B700E14314;
			remoteInfo = Episodio13;
		};
/* End PBXContainerItemProxy section */

/* Begin PBXFileReference section */
		4B50A4641AA702B700E14314 /* Episodio13.app */ = {isa = PBXFileReference; explicitFileType = wrapper.application; includeInIndex = 0; path = Episodio13.app; sourceTree = BUILT_PRODUCTS_DIR; };
		4B50A4681AA702B700E14314 /* Info.plist */ = {isa = PBXFileReference; lastKnownFileType = text.plist.xml; path = Info.plist; sourceTree = "<group>"; };
		4B50A4691AA702B700E14314 /* main.m */ = {isa = PBXFileReference; lastKnownFileType = sourcecode.c.objc; path = main.m; sourceTree = "<group>"; };
		4B50A46B1AA702B700E14314 /* AppDelegate.h */ = {isa = PBXFileReference; lastKnownFileType = sourcecode.c.h; path = AppDelegate.h; sourceTree = "<group>"; };
		4B50A46C1AA702B700E14314 /* AppDelegate.m */ = {isa = PBXFileReference; lastKnownFileType = sourcecode.c.objc; path = AppDelegate.m; sourceTree = "<group>"; };
		4B50A46E1AA702B700E14314 /* ViewController.h */ = {isa = PBXFileReference; lastKnownFileType = sourcecode.c.h; path = ViewController.h; sourceTree = "<group>"; };
		4B50A46F1AA702B700E14314 /* ViewController.m */ = {isa = PBXFileReference; lastKnownFileType = sourcecode.c.objc; path = ViewController.m; sourceTree = "<group>"; };
		4B50A4721AA702B700E14314 /* Base */ = {isa = PBXFileReference; lastKnownFileType = file.storyboard; name = Base; path = Base.lproj/Main.storyboard; sourceTree = "<group>"; };
		4B50A4741AA702B700E14314 /* Images.xcassets */ = {isa = PBXFileReference; lastKnownFileType = folder.assetcatalog; path = Images.xcassets; sourceTree = "<group>"; };
		4B50A4771AA702B700E14314 /* Base */ = {isa = PBXFileReference; lastKnownFileType = file.xib; name = Base; path = Base.lproj/LaunchScreen.xib; sourceTree = "<group>"; };
		4B50A47D1AA702B700E14314 /* Episodio13Tests.xctest */ = {isa = PBXFileReference; explicitFileType = wrapper.cfbundle; includeInIndex = 0; path = Episodio13Tests.xctest; sourceTree = BUILT_PRODUCTS_DIR; };
		4B50A4821AA702B700E14314 /* Info.plist */ = {isa = PBXFileReference; lastKnownFileType = text.plist.xml; path = Info.plist; sourceTree = "<group>"; };
		4B50A4831AA702B700E14314 /* Episodio13Tests.m */ = {isa = PBXFileReference; lastKnownFileType = sourcecode.c.objc; path = Episodio13Tests.m; sourceTree = "<group>"; };
		4B50A48D1AA702FD00E14314 /* peliculasDB.sqlite */ = {isa = PBXFileReference; lastKnownFileType = file; path = peliculasDB.sqlite; sourceTree = "<group>"; };
		4B50A48E1AA7044800E14314 /* AgregarViewController.h */ = {isa = PBXFileReference; fileEncoding = 4; lastKnownFileType = sourcecode.c.h; path = AgregarViewController.h; sourceTree = "<group>"; };
		4B50A48F1AA7044800E14314 /* AgregarViewController.m */ = {isa = PBXFileReference; fileEncoding = 4; lastKnownFileType = sourcecode.c.objc; path = AgregarViewController.m; sourceTree = "<group>"; };
		4B50A4911AA7051000E14314 /* libsqlite3.dylib */ = {isa = PBXFileReference; lastKnownFileType = "compiled.mach-o.dylib"; name = libsqlite3.dylib; path = usr/lib/libsqlite3.dylib; sourceTree = SDKROOT; };
/* End PBXFileReference section */

/* Begin PBXFrameworksBuildPhase section */
		4B50A4611AA702B700E14314 /* Frameworks */ = {
			isa = PBXFrameworksBuildPhase;
			buildActionMask = 2147483647;
			files = (
				4B50A4921AA7051000E14314 /* libsqlite3.dylib in Frameworks */,
			);
			runOnlyForDeploymentPostprocessing = 0;
		};
		4B50A47A1AA702B700E14314 /* Frameworks */ = {
			isa = PBXFrameworksBuildPhase;
			buildActionMask = 2147483647;
			files = (
			);
			runOnlyForDeploymentPostprocessing = 0;
		};
/* End PBXFrameworksBuildPhase section */

/* Begin PBXGroup section */
		4B50A45B1AA702B700E14314 = {
			isa = PBXGroup;
			children = (
				4B50A4911AA7051000E14314 /* libsqlite3.dylib */,
				4B50A4661AA702B700E14314 /* Episodio13 */,
				4B50A4801AA702B700E14314 /* Episodio13Tests */,
				4B50A4651AA702B700E14314 /* Products */,
			);
			sourceTree = "<group>";
		};
		4B50A4651AA702B700E14314 /* Products */ = {
			isa = PBXGroup;
			children = (
				4B50A4641AA702B700E14314 /* Episodio13.app */,
				4B50A47D1AA702B700E14314 /* Episodio13Tests.xctest */,
			);
			name = Products;
			sourceTree = "<group>";
		};
		4B50A4661AA702B700E14314 /* Episodio13 */ = {
			isa = PBXGroup;
			children = (
				4B50A46B1AA702B700E14314 /* AppDelegate.h */,
				4B50A46C1AA702B700E14314 /* AppDelegate.m */,
				4B50A46E1AA702B700E14314 /* ViewController.h */,
				4B50A46F1AA702B700E14314 /* ViewController.m */,
				4B50A4711AA702B700E14314 /* Main.storyboard */,
				4B50A4741AA702B700E14314 /* Images.xcassets */,
				4B50A4761AA702B700E14314 /* LaunchScreen.xib */,
				4B50A4671AA702B700E14314 /* Supporting Files */,
				4B50A48E1AA7044800E14314 /* AgregarViewController.h */,
				4B50A48F1AA7044800E14314 /* AgregarViewController.m */,
			);
			path = Episodio13;
			sourceTree = "<group>";
		};
		4B50A4671AA702B700E14314 /* Supporting Files */ = {
			isa = PBXGroup;
			children = (
				4B50A48D1AA702FD00E14314 /* peliculasDB.sqlite */,
				4B50A4681AA702B700E14314 /* Info.plist */,
				4B50A4691AA702B700E14314 /* main.m */,
			);
			name = "Supporting Files";
			sourceTree = "<group>";
		};
		4B50A4801AA702B700E14314 /* Episodio13Tests */ = {
			isa = PBXGroup;
			children = (
				4B50A4831AA702B700E14314 /* Episodio13Tests.m */,
				4B50A4811AA702B700E14314 /* Supporting Files */,
			);
			path = Episodio13Tests;
			sourceTree = "<group>";
		};
		4B50A4811AA702B700E14314 /* Supporting Files */ = {
			isa = PBXGroup;
			children = (
				4B50A4821AA702B700E14314 /* Info.plist */,
			);
			name = "Supporting Files";
			sourceTree = "<group>";
		};
/* End PBXGroup section */

/* Begin PBXNativeTarget section */
		4B50A4631AA702B700E14314 /* Episodio13 */ = {
			isa = PBXNativeTarget;
			buildConfigurationList = 4B50A4871AA702B700E14314 /* Build configuration list for PBXNativeTarget "Episodio13" */;
			buildPhases = (
				4B50A4601AA702B700E14314 /* Sources */,
				4B50A4611AA702B700E14314 /* Frameworks */,
				4B50A4621AA702B700E14314 /* Resources */,
			);
			buildRules = (
			);
			dependencies = (
			);
			name = Episodio13;
			productName = Episodio13;
			productReference = 4B50A4641AA702B700E14314 /* Episodio13.app */;
			productType = "com.apple.product-type.application";
		};
		4B50A47C1AA702B700E14314 /* Episodio13Tests */ = {
			isa = PBXNativeTarget;
			buildConfigurationList = 4B50A48A1AA702B700E14314 /* Build configuration list for PBXNativeTarget "Episodio13Tests" */;
			buildPhases = (
				4B50A4791AA702B700E14314 /* Sources */,
				4B50A47A1AA702B700E14314 /* Frameworks */,
				4B50A47B1AA702B700E14314 /* Resources */,
			);
			buildRules = (
			);
			dependencies = (
				4B50A47F1AA702B700E14314 /* PBXTargetDependency */,
			);
			name = Episodio13Tests;
			productName = Episodio13Tests;
			productReference = 4B50A47D1AA702B700E14314 /* Episodio13Tests.xctest */;
			productType = "com.apple.product-type.bundle.unit-test";
		};
/* End PBXNativeTarget section */

/* Begin PBXProject section */
		4B50A45C1AA702B700E14314 /* Project object */ = {
			isa = PBXProject;
			attributes = {
				LastUpgradeCheck = 0610;
				ORGANIZATIONNAME = "Santiago Gonzalez Causse";
				TargetAttributes = {
					4B50A4631AA702B700E14314 = {
						CreatedOnToolsVersion = 6.1.1;
					};
					4B50A47C1AA702B700E14314 = {
						CreatedOnToolsVersion = 6.1.1;
						TestTargetID = 4B50A4631AA702B700E14314;
					};
				};
			};
			buildConfigurationList = 4B50A45F1AA702B700E14314 /* Build configuration list for PBXProject "Episodio13" */;
			compatibilityVersion = "Xcode 3.2";
			developmentRegion = English;
			hasScannedForEncodings = 0;
			knownRegions = (
				en,
				Base,
			);
			mainGroup = 4B50A45B1AA702B700E14314;
			productRefGroup = 4B50A4651AA702B700E14314 /* Products */;
			projectDirPath = "";
			projectRoot = "";
			targets = (
				4B50A4631AA702B700E14314 /* Episodio13 */,
				4B50A47C1AA702B700E14314 /* Episodio13Tests */,
			);
		};
/* End PBXProject section */

/* Begin PBXResourcesBuildPhase section */
		4B50A4621AA702B700E14314 /* Resources */ = {
			isa = PBXResourcesBuildPhase;
			buildActionMask = 2147483647;
			files = (
				4B50A4731AA702B700E14314 /* Main.storyboard in Resources */,
				4B50A4781AA702B700E14314 /* LaunchScreen.xib in Resources */,
				4B50A4751AA702B700E14314 /* Images.xcassets in Resources */,
			);
			runOnlyForDeploymentPostprocessing = 0;
		};
		4B50A47B1AA702B700E14314 /* Resources */ = {
			isa = PBXResourcesBuildPhase;
			buildActionMask = 2147483647;
			files = (
			);
			runOnlyForDeploymentPostprocessing = 0;
		};
/* End PBXResourcesBuildPhase section */

/* Begin PBXSourcesBuildPhase section */
		4B50A4601AA702B700E14314 /* Sources */ = {
			isa = PBXSourcesBuildPhase;
			buildActionMask = 2147483647;
			files = (
				4B50A4701AA702B700E14314 /* ViewController.m in Sources */,
				4B50A46D1AA702B700E14314 /* AppDelegate.m in Sources */,
				4B50A4901AA7044800E14314 /* AgregarViewController.m in Sources */,
				4B50A46A1AA702B700E14314 /* main.m in Sources */,
			);
			runOnlyForDeploymentPostprocessing = 0;
		};
		4B50A4791AA702B700E14314 /* Sources */ = {
			isa = PBXSourcesBuildPhase;
			buildActionMask = 2147483647;
			files = (
				4B50A4841AA702B700E14314 /* Episodio13Tests.m in Sources */,
			);
			runOnlyForDeploymentPostprocessing = 0;
		};
/* End PBXSourcesBuildPhase section */

/* Begin PBXTargetDependency section */
		4B50A47F1AA702B700E14314 /* PBXTargetDependency */ = {
			isa = PBXTargetDependency;
			target = 4B50A4631AA702B700E14314 /* Episodio13 */;
			targetProxy = 4B50A47E1AA702B700E14314 /* PBXContainerItemProxy */;
		};
/* End PBXTargetDependency section */

/* Begin PBXVariantGroup section */
		4B50A4711AA702B700E14314 /* Main.storyboard */ = {
			isa = PBXVariantGroup;
			children = (
				4B50A4721AA702B700E14314 /* Base */,
			);
			name = Main.storyboard;
			sourceTree = "<group>";
		};
		4B50A4761AA702B700E14314 /* LaunchScreen.xib */ = {
			isa = PBXVariantGroup;
			children = (
				4B50A4771AA702B700E14314 /* Base */,
			);
			name = LaunchScreen.xib;
			sourceTree = "<group>";
		};
/* End PBXVariantGroup section */

/* Begin XCBuildConfiguration section */
		4B50A4851AA702B700E14314 /* Debug */ = {
			isa = XCBuildConfiguration;
			buildSettings = {
				ALWAYS_SEARCH_USER_PATHS = NO;
				CLANG_CXX_LANGUAGE_STANDARD = "gnu++0x";
				CLANG_CXX_LIBRARY = "libc++";
				CLANG_ENABLE_MODULES = YES;
				CLANG_ENABLE_OBJC_ARC = YES;
				CLANG_WARN_BOOL_CONVERSION = YES;
				CLANG_WARN_CONSTANT_CONVERSION = YES;
				CLANG_WARN_DIRECT_OBJC_ISA_USAGE = YES_ERROR;
				CLANG_WARN_EMPTY_BODY = YES;
				CLANG_WARN_ENUM_CONVERSION = YES;
				CLANG_WARN_INT_CONVERSION = YES;
				CLANG_WARN_OBJC_ROOT_CLASS = YES_ERROR;
				CLANG_WARN_UNREACHABLE_CODE = YES;
				CLANG_WARN__DUPLICATE_METHOD_MATCH = YES;
				"CODE_SIGN_IDENTITY[sdk=iphoneos*]" = "iPhone Developer";
				COPY_PHASE_STRIP = NO;
				ENABLE_STRICT_OBJC_MSGSEND = YES;
				GCC_C_LANGUAGE_STANDARD = gnu99;
				GCC_DYNAMIC_NO_PIC = NO;
				GCC_OPTIMIZATION_LEVEL = 0;
				GCC_PREPROCESSOR_DEFINITIONS = (
					"DEBUG=1",
					"$(inherited)",
				);
				GCC_SYMBOLS_PRIVATE_EXTERN = NO;
				GCC_WARN_64_TO_32_BIT_CONVERSION = YES;
				GCC_WARN_ABOUT_RETURN_TYPE = YES_ERROR;
				GCC_WARN_UNDECLARED_SELECTOR = YES;
				GCC_WARN_UNINITIALIZED_AUTOS = YES_AGGRESSIVE;
				GCC_WARN_UNUSED_FUNCTION = YES;
				GCC_WARN_UNUSED_VARIABLE = YES;
				IPHONEOS_DEPLOYMENT_TARGET = 8.1;
				MTL_ENABLE_DEBUG_INFO = YES;
				ONLY_ACTIVE_ARCH = YES;
				SDKROOT = iphoneos;
			};
			name = Debug;
		};
		4B50A4861AA702B700E14314 /* Release */ = {
			isa = XCBuildConfiguration;
			buildSettings = {
				ALWAYS_SEARCH_USER_PATHS = NO;
				CLANG_CXX_LANGUAGE_STANDARD = "gnu++0x";
				CLANG_CXX_LIBRARY = "libc++";
				CLANG_ENABLE_MODULES = YES;
				CLANG_ENABLE_OBJC_ARC = YES;
				CLANG_WARN_BOOL_CONVERSION = YES;
				CLANG_WARN_CONSTANT_CONVERSION = YES;
				CLANG_WARN_DIRECT_OBJC_ISA_USAGE = YES_ERROR;
				CLANG_WARN_EMPTY_BODY = YES;
				CLANG_WARN_ENUM_CONVERSION = YES;
				CLANG_WARN_INT_CONVERSION = YES;
				CLANG_WARN_OBJC_ROOT_CLASS = YES_ERROR;
				CLANG_WARN_UNREACHABLE_CODE = YES;
				CLANG_WARN__DUPLICATE_METHOD_MATCH = YES;
				"CODE_SIGN_IDENTITY[sdk=iphoneos*]" = "iPhone Developer";
				COPY_PHASE_STRIP = YES;
				ENABLE_NS_ASSERTIONS = NO;
				ENABLE_STRICT_OBJC_MSGSEND = YES;
				GCC_C_LANGUAGE_STANDARD = gnu99;
				GCC_WARN_64_TO_32_BIT_CONVERSION = YES;
				GCC_WARN_ABOUT_RETURN_TYPE = YES_ERROR;
				GCC_WARN_UNDECLARED_SELECTOR = YES;
				GCC_WARN_UNINITIALIZED_AUTOS = YES_AGGRESSIVE;
				GCC_WARN_UNUSED_FUNCTION = YES;
				GCC_WARN_UNUSED_VARIABLE = YES;
				IPHONEOS_DEPLOYMENT_TARGET = 8.1;
				MTL_ENABLE_DEBUG_INFO = NO;
				SDKROOT = iphoneos;
				VALIDATE_PRODUCT = YES;
			};
			name = Release;
		};
		4B50A4881AA702B700E14314 /* Debug */ = {
			isa = XCBuildConfiguration;
			buildSettings = {
				ASSETCATALOG_COMPILER_APPICON_NAME = AppIcon;
				INFOPLIST_FILE = Episodio13/Info.plist;
				LD_RUNPATH_SEARCH_PATHS = "$(inherited) @executable_path/Frameworks";
				PRODUCT_NAME = "$(TARGET_NAME)";
			};
			name = Debug;
		};
		4B50A4891AA702B700E14314 /* Release */ = {
			isa = XCBuildConfiguration;
			buildSettings = {
				ASSETCATALOG_COMPILER_APPICON_NAME = AppIcon;
				INFOPLIST_FILE = Episodio13/Info.plist;
				LD_RUNPATH_SEARCH_PATHS = "$(inherited) @executable_path/Frameworks";
				PRODUCT_NAME = "$(TARGET_NAME)";
			};
			name = Release;
		};
		4B50A48B1AA702B700E14314 /* Debug */ = {
			isa = XCBuildConfiguration;
			buildSettings = {
				BUNDLE_LOADER = "$(TEST_HOST)";
				FRAMEWORK_SEARCH_PATHS = (
					"$(SDKROOT)/Developer/Library/Frameworks",
					"$(inherited)",
				);
				GCC_PREPROCESSOR_DEFINITIONS = (
					"DEBUG=1",
					"$(inherited)",
				);
				INFOPLIST_FILE = Episodio13Tests/Info.plist;
				LD_RUNPATH_SEARCH_PATHS = "$(inherited) @executable_path/Frameworks @loader_path/Frameworks";
				PRODUCT_NAME = "$(TARGET_NAME)";
				TEST_HOST = "$(BUILT_PRODUCTS_DIR)/Episodio13.app/Episodio13";
			};
			name = Debug;
		};
		4B50A48C1AA702B700E14314 /* Release */ = {
			isa = XCBuildConfiguration;
			buildSettings = {
				BUNDLE_LOADER = "$(TEST_HOST)";
				FRAMEWORK_SEARCH_PATHS = (
					"$(SDKROOT)/Developer/Library/Frameworks",
					"$(inherited)",
				);
				INFOPLIST_FILE = Episodio13Tests/Info.plist;
				LD_RUNPATH_SEARCH_PATHS = "$(inherited) @executable_path/Frameworks @loader_path/Frameworks";
				PRODUCT_NAME = "$(TARGET_NAME)";
				TEST_HOST = "$(BUILT_PRODUCTS_DIR)/Episodio13.app/Episodio13";
			};
			name = Release;
		};
/* End XCBuildConfiguration section */

/* Begin XCConfigurationList section */
		4B50A45F1AA702B700E14314 /* Build configuration list for PBXProject "Episodio13" */ = {
			isa = XCConfigurationList;
			buildConfigurations = (
				4B50A4851AA702B700E14314 /* Debug */,
				4B50A4861AA702B700E14314 /* Release */,
			);
			defaultConfigurationIsVisible = 0;
			defaultConfigurationName = Release;
		};
		4B50A4871AA702B700E14314 /* Build configuration list for PBXNativeTarget "Episodio13" */ = {
			isa = XCConfigurationList;
			buildConfigurations = (
				4B50A4881AA702B700E14314 /* Debug */,
				4B50A4891AA702B700E14314 /* Release */,
			);
			defaultConfigurationIsVisible = 0;
		};
		4B50A48A1AA702B700E14314 /* Build configuration list for PBXNativeTarget "Episodio13Tests" */ = {
			isa = XCConfigurationList;
			buildConfigurations = (
				4B50A48B1AA702B700E14314 /* Debug */,
				4B50A48C1AA702B700E14314 /* Release */,
			);
			defaultConfigurationIsVisible = 0;
		};
/* End XCConfigurationList section */
	};
	rootObject = 4B50A45C1AA702B700E14314 /* Project object */;
}
